
Microsoft Visual Studio Solution File, Format Version 12.00
# Visual Studio 15
VisualStudioVersion = 15.0.28010.2048
MinimumVisualStudioVersion = 10.0.40219.1
Project("{FAE04EC0-301F-11D3-BF4B-00C04F79EFBC}") = "FontsStylesAndThemes.Android", "FontsStylesAndThemes\FontsStylesAndThemes.Android\FontsStylesAndThemes.Android.csproj", "{6A96B2E2-5D42-4B55-8B00-2923435B9D48}"
EndProject
Project("{FAE04EC0-301F-11D3-BF4B-00C04F79EFBC}") = "FontsStylesAndThemes.iOS", "FontsStylesAndThemes\FontsStylesAndThemes.iOS\FontsStylesAndThemes.iOS.csproj", "{211D1E69-B08C-4C95-9DEE-FA60CEBC2170}"
EndProject
Project("{FAE04EC0-301F-11D3-BF4B-00C04F79EFBC}") = "FontsStylesAndThemes.UWP", "FontsStylesAndThemes\FontsStylesAndThemes.UWP\FontsStylesAndThemes.UWP.csproj", "{CB8EA097-1C41-43D6-B0A3-5F25CA056D5A}"
EndProject
Project("{FAE04EC0-301F-11D3-BF4B-00C04F79EFBC}") = "FontsStylesAndThemes", "FontsStylesAndThemes\FontsStylesAndThemes\FontsStylesAndThemes.csproj", "{CED4D0D6-2862-4C0A-A69A-130B553B07AD}"
EndProject
Global
	GlobalSection(SolutionConfigurationPlatforms) = preSolution
		Ad-Hoc|Any CPU = Ad-Hoc|Any CPU
		Ad-Hoc|ARM = Ad-Hoc|ARM
		Ad-Hoc|iPhone = Ad-Hoc|iPhone
		Ad-Hoc|iPhoneSimulator = Ad-Hoc|iPhoneSimulator
		Ad-Hoc|x64 = Ad-Hoc|x64
		Ad-Hoc|x86 = Ad-Hoc|x86
		AppStore|Any CPU = AppStore|Any CPU
		AppStore|ARM = AppStore|ARM
		AppStore|iPhone = AppStore|iPhone
		AppStore|iPhoneSimulator = AppStore|iPhoneSimulator
		AppStore|x64 = AppStore|x64
		AppStore|x86 = AppStore|x86
		Debug|Any CPU = Debug|Any CPU
		Debug|ARM = Debug|ARM
		Debug|iPhone = Debug|iPhone
		Debug|iPhoneSimulator = Debug|iPhoneSimulator
		Debug|x64 = Debug|x64
		Debug|x86 = Debug|x86
		Release|Any CPU = Release|Any CPU
		Release|ARM = Release|ARM
		Release|iPhone = Release|iPhone
		Release|iPhoneSimulator = Release|iPhoneSimulator
		Release|x64 = Release|x64
		Release|x86 = Release|x86
	EndGlobalSection
	GlobalSection(ProjectConfigurationPlatforms) = postSolution
		{6A96B2E2-5D42-4B55-8B00-2923435B9D48}.Ad-Hoc|Any CPU.ActiveCfg = Release|Any CPU
		{6A96B2E2-5D42-4B55-8B00-2923435B9D48}.Ad-Hoc|Any CPU.Build.0 = Release|Any CPU
		{6A96B2E2-5D42-4B55-8B00-2923435B9D48}.Ad-Hoc|Any CPU.Deploy.0 = Release|Any CPU
		{6A96B2E2-5D42-4B55-8B00-2923435B9D48}.Ad-Hoc|ARM.ActiveCfg = Release|Any CPU
		{6A96B2E2-5D42-4B55-8B00-2923435B9D48}.Ad-Hoc|ARM.Build.0 = Release|Any CPU
		{6A96B2E2-5D42-4B55-8B00-2923435B9D48}.Ad-Hoc|ARM.Deploy.0 = Release|Any CPU
		{6A96B2E2-5D42-4B55-8B00-2923435B9D48}.Ad-Hoc|iPhone.ActiveCfg = Release|Any CPU
		{6A96B2E2-5D42-4B55-8B00-2923435B9D48}.Ad-Hoc|iPhone.Build.0 = Release|Any CPU
		{6A96B2E2-5D42-4B55-8B00-2923435B9D48}.Ad-Hoc|iPhone.Deploy.0 = Release|Any CPU
		{6A96B2E2-5D42-4B55-8B00-2923435B9D48}.Ad-Hoc|iPhoneSimulator.ActiveCfg = Release|Any CPU
		{6A96B2E2-5D42-4B55-8B00-2923435B9D48}.Ad-Hoc|iPhoneSimulator.Build.0 = Release|Any CPU
		{6A96B2E2-5D42-4B55-8B00-2923435B9D48}.Ad-Hoc|iPhoneSimulator.Deploy.0 = Release|Any CPU
		{6A96B2E2-5D42-4B55-8B00-2923435B9D48}.Ad-Hoc|x64.ActiveCfg = Release|Any CPU
		{6A96B2E2-5D42-4B55-8B00-2923435B9D48}.Ad-Hoc|x64.Build.0 = Release|Any CPU
		{6A96B2E2-5D42-4B55-8B00-2923435B9D48}.Ad-Hoc|x64.Deploy.0 = Release|Any CPU
		{6A96B2E2-5D42-4B55-8B00-2923435B9D48}.Ad-Hoc|x86.ActiveCfg = Release|Any CPU
		{6A96B2E2-5D42-4B55-8B00-2923435B9D48}.Ad-Hoc|x86.Build.0 = Release|Any CPU
		{6A96B2E2-5D42-4B55-8B00-2923435B9D48}.Ad-Hoc|x86.Deploy.0 = Release|Any CPU
		{6A96B2E2-5D42-4B55-8B00-2923435B9D48}.AppStore|Any CPU.ActiveCfg = Release|Any CPU
		{6A96B2E2-5D42-4B55-8B00-2923435B9D48}.AppStore|Any CPU.Build.0 = Release|Any CPU
		{6A96B2E2-5D42-4B55-8B00-2923435B9D48}.AppStore|Any CPU.Deploy.0 = Release|Any CPU
		{6A96B2E2-5D42-4B55-8B00-2923435B9D48}.AppStore|ARM.ActiveCfg = Release|Any CPU
		{6A96B2E2-5D42-4B55-8B00-2923435B9D48}.AppStore|ARM.Build.0 = Release|Any CPU
		{6A96B2E2-5D42-4B55-8B00-2923435B9D48}.AppStore|ARM.Deploy.0 = Release|Any CPU
		{6A96B2E2-5D42-4B55-8B00-2923435B9D48}.AppStore|iPhone.ActiveCfg = Release|Any CPU
		{6A96B2E2-5D42-4B55-8B00-2923435B9D48}.AppStore|iPhone.Build.0 = Release|Any CPU
		{6A96B2E2-5D42-4B55-8B00-2923435B9D48}.AppStore|iPhone.Deploy.0 = Release|Any CPU
		{6A96B2E2-5D42-4B55-8B00-2923435B9D48}.AppStore|iPhoneSimulator.ActiveCfg = Release|Any CPU
		{6A96B2E2-5D42-4B55-8B00-2923435B9D48}.AppStore|iPhoneSimulator.Build.0 = Release|Any CPU
		{6A96B2E2-5D42-4B55-8B00-2923435B9D48}.AppStore|iPhoneSimulator.Deploy.0 = Release|Any CPU
		{6A96B2E2-5D42-4B55-8B00-2923435B9D48}.AppStore|x64.ActiveCfg = Release|Any CPU
		{6A96B2E2-5D42-4B55-8B00-2923435B9D48}.AppStore|x64.Build.0 = Release|Any CPU
		{6A96B2E2-5D42-4B55-8B00-2923435B9D48}.AppStore|x64.Deploy.0 = Release|Any CPU
		{6A96B2E2-5D42-4B55-8B00-2923435B9D48}.AppStore|x86.ActiveCfg = Release|Any CPU
		{6A96B2E2-5D42-4B55-8B00-2923435B9D48}.AppStore|x86.Build.0 = Release|Any CPU
		{6A96B2E2-5D42-4B55-8B00-2923435B9D48}.AppStore|x86.Deploy.0 = Release|Any CPU
		{6A96B2E2-5D42-4B55-8B00-2923435B9D48}.Debug|Any CPU.ActiveCfg = Debug|Any CPU
		{6A96B2E2-5D42-4B55-8B00-2923435B9D48}.Debug|Any CPU.Build.0 = Debug|Any CPU
		{6A96B2E2-5D42-4B55-8B00-2923435B9D48}.Debug|Any CPU.Deploy.0 = Debug|Any CPU
		{6A96B2E2-5D42-4B55-8B00-2923435B9D48}.Debug|ARM.ActiveCfg = Debug|Any CPU
		{6A96B2E2-5D42-4B55-8B00-2923435B9D48}.Debug|ARM.Build.0 = Debug|Any CPU
		{6A96B2E2-5D42-4B55-8B00-2923435B9D48}.Debug|ARM.Deploy.0 = Debug|Any CPU
		{6A96B2E2-5D42-4B55-8B00-2923435B9D48}.Debug|iPhone.ActiveCfg = Debug|Any CPU
		{6A96B2E2-5D42-4B55-8B00-2923435B9D48}.Debug|iPhone.Build.0 = Debug|Any CPU
		{6A96B2E2-5D42-4B55-8B00-2923435B9D48}.Debug|iPhone.Deploy.0 = Debug|Any CPU
		{6A96B2E2-5D42-4B55-8B00-2923435B9D48}.Debug|iPhoneSimulator.ActiveCfg = Debug|Any CPU
		{6A96B2E2-5D42-4B55-8B00-2923435B9D48}.Debug|iPhoneSimulator.Build.0 = Debug|Any CPU
		{6A96B2E2-5D42-4B55-8B00-2923435B9D48}.Debug|iPhoneSimulator.Deploy.0 = Debug|Any CPU
		{6A96B2E2-5D42-4B55-8B00-2923435B9D48}.Debug|x64.ActiveCfg = Debug|Any CPU
		{6A96B2E2-5D42-4B55-8B00-2923435B9D48}.Debug|x64.Build.0 = Debug|Any CPU
		{6A96B2E2-5D42-4B55-8B00-2923435B9D48}.Debug|x64.Deploy.0 = Debug|Any CPU
		{6A96B2E2-5D42-4B55-8B00-2923435B9D48}.Debug|x86.ActiveCfg = Debug|Any CPU
		{6A96B2E2-5D42-4B55-8B00-2923435B9D48}.Debug|x86.Build.0 = Debug|Any CPU
		{6A96B2E2-5D42-4B55-8B00-2923435B9D48}.Debug|x86.Deploy.0 = Debug|Any CPU
		{6A96B2E2-5D42-4B55-8B00-2923435B9D48}.Release|Any CPU.ActiveCfg = Release|Any CPU
		{6A96B2E2-5D42-4B55-8B00-2923435B9D48}.Release|Any CPU.Build.0 = Release|Any CPU
		{6A96B2E2-5D42-4B55-8B00-2923435B9D48}.Release|Any CPU.Deploy.0 = Release|Any CPU
		{6A96B2E2-5D42-4B55-8B00-2923435B9D48}.Release|ARM.ActiveCfg = Release|Any CPU
		{6A96B2E2-5D42-4B55-8B00-2923435B9D48}.Release|ARM.Build.0 = Release|Any CPU
		{6A96B2E2-5D42-4B55-8B00-2923435B9D48}.Release|ARM.Deploy.0 = Release|Any CPU
		{6A96B2E2-5D42-4B55-8B00-2923435B9D48}.Release|iPhone.ActiveCfg = Release|Any CPU
		{6A96B2E2-5D42-4B55-8B00-2923435B9D48}.Release|iPhone.Build.0 = Release|Any CPU
		{6A96B2E2-5D42-4B55-8B00-2923435B9D48}.Release|iPhone.Deploy.0 = Release|Any CPU
		{6A96B2E2-5D42-4B55-8B00-2923435B9D48}.Release|iPhoneSimulator.ActiveCfg = Release|Any CPU
		{6A96B2E2-5D42-4B55-8B00-2923435B9D48}.Release|iPhoneSimulator.Build.0 = Release|Any CPU
		{6A96B2E2-5D42-4B55-8B00-2923435B9D48}.Release|iPhoneSimulator.Deploy.0 = Release|Any CPU
		{6A96B2E2-5D42-4B55-8B00-2923435B9D48}.Release|x64.ActiveCfg = Release|Any CPU
		{6A96B2E2-5D42-4B55-8B00-2923435B9D48}.Release|x64.Build.0 = Release|Any CPU
		{6A96B2E2-5D42-4B55-8B00-2923435B9D48}.Release|x64.Deploy.0 = Release|Any CPU
		{6A96B2E2-5D42-4B55-8B00-2923435B9D48}.Release|x86.ActiveCfg = Release|Any CPU
		{6A96B2E2-5D42-4B55-8B00-2923435B9D48}.Release|x86.Build.0 = Release|Any CPU
		{6A96B2E2-5D42-4B55-8B00-2923435B9D48}.Release|x86.Deploy.0 = Release|Any CPU
		{211D1E69-B08C-4C95-9DEE-FA60CEBC2170}.Ad-Hoc|Any CPU.ActiveCfg = Ad-Hoc|iPhone
		{211D1E69-B08C-4C95-9DEE-FA60CEBC2170}.Ad-Hoc|Any CPU.Build.0 = Ad-Hoc|iPhone
		{211D1E69-B08C-4C95-9DEE-FA60CEBC2170}.Ad-Hoc|Any CPU.Deploy.0 = Ad-Hoc|iPhone
		{211D1E69-B08C-4C95-9DEE-FA60CEBC2170}.Ad-Hoc|ARM.ActiveCfg = Ad-Hoc|iPhone
		{211D1E69-B08C-4C95-9DEE-FA60CEBC2170}.Ad-Hoc|ARM.Build.0 = Ad-Hoc|iPhone
		{211D1E69-B08C-4C95-9DEE-FA60CEBC2170}.Ad-Hoc|ARM.Deploy.0 = Ad-Hoc|iPhone
		{211D1E69-B08C-4C95-9DEE-FA60CEBC2170}.Ad-Hoc|iPhone.ActiveCfg = Ad-Hoc|iPhone
		{211D1E69-B08C-4C95-9DEE-FA60CEBC2170}.Ad-Hoc|iPhone.Build.0 = Ad-Hoc|iPhone
		{211D1E69-B08C-4C95-9DEE-FA60CEBC2170}.Ad-Hoc|iPhone.Deploy.0 = Ad-Hoc|iPhone
		{211D1E69-B08C-4C95-9DEE-FA60CEBC2170}.Ad-Hoc|iPhoneSimulator.ActiveCfg = Ad-Hoc|iPhoneSimulator
		{211D1E69-B08C-4C95-9DEE-FA60CEBC2170}.Ad-Hoc|iPhoneSimulator.Build.0 = Ad-Hoc|iPhoneSimulator
		{211D1E69-B08C-4C95-9DEE-FA60CEBC2170}.Ad-Hoc|iPhoneSimulator.Deploy.0 = Ad-Hoc|iPhoneSimulator
		{211D1E69-B08C-4C95-9DEE-FA60CEBC2170}.Ad-Hoc|x64.ActiveCfg = Ad-Hoc|iPhone
		{211D1E69-B08C-4C95-9DEE-FA60CEBC2170}.Ad-Hoc|x64.Build.0 = Ad-Hoc|iPhone
		{211D1E69-B08C-4C95-9DEE-FA60CEBC2170}.Ad-Hoc|x64.Deploy.0 = Ad-Hoc|iPhone
		{211D1E69-B08C-4C95-9DEE-FA60CEBC2170}.Ad-Hoc|x86.ActiveCfg = Ad-Hoc|iPhone
		{211D1E69-B08C-4C95-9DEE-FA60CEBC2170}.Ad-Hoc|x86.Build.0 = Ad-Hoc|iPhone
		{211D1E69-B08C-4C95-9DEE-FA60CEBC2170}.Ad-Hoc|x86.Deploy.0 = Ad-Hoc|iPhone
		{211D1E69-B08C-4C95-9DEE-FA60CEBC2170}.AppStore|Any CPU.ActiveCfg = AppStore|iPhone
		{211D1E69-B08C-4C95-9DEE-FA60CEBC2170}.AppStore|Any CPU.Build.0 = AppStore|iPhone
		{211D1E69-B08C-4C95-9DEE-FA60CEBC2170}.AppStore|Any CPU.Deploy.0 = AppStore|iPhone
		{211D1E69-B08C-4C95-9DEE-FA60CEBC2170}.AppStore|ARM.ActiveCfg = AppStore|iPhone
		{211D1E69-B08C-4C95-9DEE-FA60CEBC2170}.AppStore|ARM.Build.0 = AppStore|iPhone
		{211D1E69-B08C-4C95-9DEE-FA60CEBC2170}.AppStore|ARM.Deploy.0 = AppStore|iPhone
		{211D1E69-B08C-4C95-9DEE-FA60CEBC2170}.AppStore|iPhone.ActiveCfg = AppStore|iPhone
		{211D1E69-B08C-4C95-9DEE-FA60CEBC2170}.AppStore|iPhone.Build.0 = AppStore|iPhone
		{211D1E69-B08C-4C95-9DEE-FA60CEBC2170}.AppStore|iPhone.Deploy.0 = AppStore|iPhone
		{211D1E69-B08C-4C95-9DEE-FA60CEBC2170}.AppStore|iPhoneSimulator.ActiveCfg = AppStore|iPhoneSimulator
		{211D1E69-B08C-4C95-9DEE-FA60CEBC2170}.AppStore|iPhoneSimulator.Build.0 = AppStore|iPhoneSimulator
		{211D1E69-B08C-4C95-9DEE-FA60CEBC2170}.AppStore|iPhoneSimulator.Deploy.0 = AppStore|iPhoneSimulator
		{211D1E69-B08C-4C95-9DEE-FA60CEBC2170}.AppStore|x64.ActiveCfg = AppStore|iPhone
		{211D1E69-B08C-4C95-9DEE-FA60CEBC2170}.AppStore|x64.Build.0 = AppStore|iPhone
		{211D1E69-B08C-4C95-9DEE-FA60CEBC2170}.AppStore|x64.Deploy.0 = AppStore|iPhone
		{211D1E69-B08C-4C95-9DEE-FA60CEBC2170}.AppStore|x86.ActiveCfg = AppStore|iPhone
		{211D1E69-B08C-4C95-9DEE-FA60CEBC2170}.AppStore|x86.Build.0 = AppStore|iPhone
		{211D1E69-B08C-4C95-9DEE-FA60CEBC2170}.AppStore|x86.Deploy.0 = AppStore|iPhone
		{211D1E69-B08C-4C95-9DEE-FA60CEBC2170}.Debug|Any CPU.ActiveCfg = Debug|iPhoneSimulator
		{211D1E69-B08C-4C95-9DEE-FA60CEBC2170}.Debug|Any CPU.Build.0 = Debug|iPhoneSimulator
		{211D1E69-B08C-4C95-9DEE-FA60CEBC2170}.Debug|Any CPU.Deploy.0 = Debug|iPhoneSimulator
		{211D1E69-B08C-4C95-9DEE-FA60CEBC2170}.Debug|ARM.ActiveCfg = Debug|iPhone
		{211D1E69-B08C-4C95-9DEE-FA60CEBC2170}.Debug|ARM.Build.0 = Debug|iPhone
		{211D1E69-B08C-4C95-9DEE-FA60CEBC2170}.Debug|ARM.Deploy.0 = Debug|iPhone
		{211D1E69-B08C-4C95-9DEE-FA60CEBC2170}.Debug|iPhone.ActiveCfg = Debug|iPhone
		{211D1E69-B08C-4C95-9DEE-FA60CEBC2170}.Debug|iPhone.Build.0 = Debug|iPhone
		{211D1E69-B08C-4C95-9DEE-FA60CEBC2170}.Debug|iPhone.Deploy.0 = Debug|iPhone
		{211D1E69-B08C-4C95-9DEE-FA60CEBC2170}.Debug|iPhoneSimulator.ActiveCfg = Debug|iPhoneSimulator
		{211D1E69-B08C-4C95-9DEE-FA60CEBC2170}.Debug|iPhoneSimulator.Build.0 = Debug|iPhoneSimulator
		{211D1E69-B08C-4C95-9DEE-FA60CEBC2170}.Debug|iPhoneSimulator.Deploy.0 = Debug|iPhoneSimulator
		{211D1E69-B08C-4C95-9DEE-FA60CEBC2170}.Debug|x64.ActiveCfg = Debug|iPhone
		{211D1E69-B08C-4C95-9DEE-FA60CEBC2170}.Debug|x64.Build.0 = Debug|iPhone
		{211D1E69-B08C-4C95-9DEE-FA60CEBC2170}.Debug|x64.Deploy.0 = Debug|iPhone
		{211D1E69-B08C-4C95-9DEE-FA60CEBC2170}.Debug|x86.ActiveCfg = Debug|iPhone
		{211D1E69-B08C-4C95-9DEE-FA60CEBC2170}.Debug|x86.Build.0 = Debug|iPhone
		{211D1E69-B08C-4C95-9DEE-FA60CEBC2170}.Debug|x86.Deploy.0 = Debug|iPhone
		{211D1E69-B08C-4C95-9DEE-FA60CEBC2170}.Release|Any CPU.ActiveCfg = Release|iPhone
		{211D1E69-B08C-4C95-9DEE-FA60CEBC2170}.Release|Any CPU.Build.0 = Release|iPhone
		{211D1E69-B08C-4C95-9DEE-FA60CEBC2170}.Release|Any CPU.Deploy.0 = Release|iPhone
		{211D1E69-B08C-4C95-9DEE-FA60CEBC2170}.Release|ARM.ActiveCfg = Release|iPhone
		{211D1E69-B08C-4C95-9DEE-FA60CEBC2170}.Release|ARM.Build.0 = Release|iPhone
		{211D1E69-B08C-4C95-9DEE-FA60CEBC2170}.Release|ARM.Deploy.0 = Release|iPhone
		{211D1E69-B08C-4C95-9DEE-FA60CEBC2170}.Release|iPhone.ActiveCfg = Release|iPhone
		{211D1E69-B08C-4C95-9DEE-FA60CEBC2170}.Release|iPhone.Build.0 = Release|iPhone
		{211D1E69-B08C-4C95-9DEE-FA60CEBC2170}.Release|iPhone.Deploy.0 = Release|iPhone
		{211D1E69-B08C-4C95-9DEE-FA60CEBC2170}.Release|iPhoneSimulator.ActiveCfg = Release|iPhoneSimulator
		{211D1E69-B08C-4C95-9DEE-FA60CEBC2170}.Release|iPhoneSimulator.Build.0 = Release|iPhoneSimulator
		{211D1E69-B08C-4C95-9DEE-FA60CEBC2170}.Release|iPhoneSimulator.Deploy.0 = Release|iPhoneSimulator
		{211D1E69-B08C-4C95-9DEE-FA60CEBC2170}.Release|x64.ActiveCfg = Release|iPhone
		{211D1E69-B08C-4C95-9DEE-FA60CEBC2170}.Release|x64.Build.0 = Release|iPhone
		{211D1E69-B08C-4C95-9DEE-FA60CEBC2170}.Release|x64.Deploy.0 = Release|iPhone
		{211D1E69-B08C-4C95-9DEE-FA60CEBC2170}.Release|x86.ActiveCfg = Release|iPhone
		{211D1E69-B08C-4C95-9DEE-FA60CEBC2170}.Release|x86.Build.0 = Release|iPhone
		{211D1E69-B08C-4C95-9DEE-FA60CEBC2170}.Release|x86.Deploy.0 = Release|iPhone
		{CB8EA097-1C41-43D6-B0A3-5F25CA056D5A}.Ad-Hoc|Any CPU.ActiveCfg = Release|x86
		{CB8EA097-1C41-43D6-B0A3-5F25CA056D5A}.Ad-Hoc|Any CPU.Build.0 = Release|x86
		{CB8EA097-1C41-43D6-B0A3-5F25CA056D5A}.Ad-Hoc|Any CPU.Deploy.0 = Release|x86
		{CB8EA097-1C41-43D6-B0A3-5F25CA056D5A}.Ad-Hoc|ARM.ActiveCfg = Release|ARM
		{CB8EA097-1C41-43D6-B0A3-5F25CA056D5A}.Ad-Hoc|ARM.Build.0 = Release|ARM
		{CB8EA097-1C41-43D6-B0A3-5F25CA056D5A}.Ad-Hoc|ARM.Deploy.0 = Release|ARM
		{CB8EA097-1C41-43D6-B0A3-5F25CA056D5A}.Ad-Hoc|iPhone.ActiveCfg = Release|x86
		{CB8EA097-1C41-43D6-B0A3-5F25CA056D5A}.Ad-Hoc|iPhone.Build.0 = Release|x86
		{CB8EA097-1C41-43D6-B0A3-5F25CA056D5A}.Ad-Hoc|iPhone.Deploy.0 = Release|x86
		{CB8EA097-1C41-43D6-B0A3-5F25CA056D5A}.Ad-Hoc|iPhoneSimulator.ActiveCfg = Release|x86
		{CB8EA097-1C41-43D6-B0A3-5F25CA056D5A}.Ad-Hoc|iPhoneSimulator.Build.0 = Release|x86
		{CB8EA097-1C41-43D6-B0A3-5F25CA056D5A}.Ad-Hoc|iPhoneSimulator.Deploy.0 = Release|x86
		{CB8EA097-1C41-43D6-B0A3-5F25CA056D5A}.Ad-Hoc|x64.ActiveCfg = Release|x64
		{CB8EA097-1C41-43D6-B0A3-5F25CA056D5A}.Ad-Hoc|x64.Build.0 = Release|x64
		{CB8EA097-1C41-43D6-B0A3-5F25CA056D5A}.Ad-Hoc|x64.Deploy.0 = Release|x64
		{CB8EA097-1C41-43D6-B0A3-5F25CA056D5A}.Ad-Hoc|x86.ActiveCfg = Release|x86
		{CB8EA097-1C41-43D6-B0A3-5F25CA056D5A}.Ad-Hoc|x86.Build.0 = Release|x86
		{CB8EA097-1C41-43D6-B0A3-5F25CA056D5A}.Ad-Hoc|x86.Deploy.0 = Release|x86
		{CB8EA097-1C41-43D6-B0A3-5F25CA056D5A}.AppStore|Any CPU.ActiveCfg = Release|x86
		{CB8EA097-1C41-43D6-B0A3-5F25CA056D5A}.AppStore|Any CPU.Build.0 = Release|x86
		{CB8EA097-1C41-43D6-B0A3-5F25CA056D5A}.AppStore|Any CPU.Deploy.0 = Release|x86
		{CB8EA097-1C41-43D6-B0A3-5F25CA056D5A}.AppStore|ARM.ActiveCfg = Release|ARM
		{CB8EA097-1C41-43D6-B0A3-5F25CA056D5A}.AppStore|ARM.Build.0 = Release|ARM
		{CB8EA097-1C41-43D6-B0A3-5F25CA056D5A}.AppStore|ARM.Deploy.0 = Release|ARM
		{CB8EA097-1C41-43D6-B0A3-5F25CA056D5A}.AppStore|iPhone.ActiveCfg = Release|x86
		{CB8EA097-1C41-43D6-B0A3-5F25CA056D5A}.AppStore|iPhone.Build.0 = Release|x86
		{CB8EA097-1C41-43D6-B0A3-5F25CA056D5A}.AppStore|iPhone.Deploy.0 = Release|x86
		{CB8EA097-1C41-43D6-B0A3-5F25CA056D5A}.AppStore|iPhoneSimulator.ActiveCfg = Release|x86
		{CB8EA097-1C41-43D6-B0A3-5F25CA056D5A}.AppStore|iPhoneSimulator.Build.0 = Release|x86
		{CB8EA097-1C41-43D6-B0A3-5F25CA056D5A}.AppStore|iPhoneSimulator.Deploy.0 = Release|x86
		{CB8EA097-1C41-43D6-B0A3-5F25CA056D5A}.AppStore|x64.ActiveCfg = Release|x64
		{CB8EA097-1C41-43D6-B0A3-5F25CA056D5A}.AppStore|x64.Build.0 = Release|x64
		{CB8EA097-1C41-43D6-B0A3-5F25CA056D5A}.AppStore|x64.Deploy.0 = Release|x64
		{CB8EA097-1C41-43D6-B0A3-5F25CA056D5A}.AppStore|x86.ActiveCfg = Release|x86
		{CB8EA097-1C41-43D6-B0A3-5F25CA056D5A}.AppStore|x86.Build.0 = Release|x86
		{CB8EA097-1C41-43D6-B0A3-5F25CA056D5A}.AppStore|x86.Deploy.0 = Release|x86
		{CB8EA097-1C41-43D6-B0A3-5F25CA056D5A}.Debug|Any CPU.ActiveCfg = Debug|x86
		{CB8EA097-1C41-43D6-B0A3-5F25CA056D5A}.Debug|Any CPU.Build.0 = Debug|x86
		{CB8EA097-1C41-43D6-B0A3-5F25CA056D5A}.Debug|Any CPU.Deploy.0 = Debug|x86
		{CB8EA097-1C41-43D6-B0A3-5F25CA056D5A}.Debug|ARM.ActiveCfg = Debug|ARM
		{CB8EA097-1C41-43D6-B0A3-5F25CA056D5A}.Debug|ARM.Build.0 = Debug|ARM
		{CB8EA097-1C41-43D6-B0A3-5F25CA056D5A}.Debug|ARM.Deploy.0 = Debug|ARM
		{CB8EA097-1C41-43D6-B0A3-5F25CA056D5A}.Debug|iPhone.ActiveCfg = Debug|x86
		{CB8EA097-1C41-43D6-B0A3-5F25CA056D5A}.Debug|iPhone.Build.0 = Debug|x86
		{CB8EA097-1C41-43D6-B0A3-5F25CA056D5A}.Debug|iPhone.Deploy.0 = Debug|x86
		{CB8EA097-1C41-43D6-B0A3-5F25CA056D5A}.Debug|iPhoneSimulator.ActiveCfg = Debug|x86
		{CB8EA097-1C41-43D6-B0A3-5F25CA056D5A}.Debug|iPhoneSimulator.Build.0 = Debug|x86
		{CB8EA097-1C41-43D6-B0A3-5F25CA056D5A}.Debug|iPhoneSimulator.Deploy.0 = Debug|x86
		{CB8EA097-1C41-43D6-B0A3-5F25CA056D5A}.Debug|x64.ActiveCfg = Debug|x64
		{CB8EA097-1C41-43D6-B0A3-5F25CA056D5A}.Debug|x64.Build.0 = Debug|x64
		{CB8EA097-1C41-43D6-B0A3-5F25CA056D5A}.Debug|x64.Deploy.0 = Debug|x64
		{CB8EA097-1C41-43D6-B0A3-5F25CA056D5A}.Debug|x86.ActiveCfg = Debug|x86
		{CB8EA097-1C41-43D6-B0A3-5F25CA056D5A}.Debug|x86.Build.0 = Debug|x86
		{CB8EA097-1C41-43D6-B0A3-5F25CA056D5A}.Debug|x86.Deploy.0 = Debug|x86
		{CB8EA097-1C41-43D6-B0A3-5F25CA056D5A}.Release|Any CPU.ActiveCfg = Release|x86
		{CB8EA097-1C41-43D6-B0A3-5F25CA056D5A}.Release|Any CPU.Build.0 = Release|x86
		{CB8EA097-1C41-43D6-B0A3-5F25CA056D5A}.Release|Any CPU.Deploy.0 = Release|x86
		{CB8EA097-1C41-43D6-B0A3-5F25CA056D5A}.Release|ARM.ActiveCfg = Release|ARM
		{CB8EA097-1C41-43D6-B0A3-5F25CA056D5A}.Release|ARM.Build.0 = Release|ARM
		{CB8EA097-1C41-43D6-B0A3-5F25CA056D5A}.Release|ARM.Deploy.0 = Release|ARM
		{CB8EA097-1C41-43D6-B0A3-5F25CA056D5A}.Release|iPhone.ActiveCfg = Release|x86
		{CB8EA097-1C41-43D6-B0A3-5F25CA056D5A}.Release|iPhone.Build.0 = Release|x86
		{CB8EA097-1C41-43D6-B0A3-5F25CA056D5A}.Release|iPhone.Deploy.0 = Release|x86
		{CB8EA097-1C41-43D6-B0A3-5F25CA056D5A}.Release|iPhoneSimulator.ActiveCfg = Release|x86
		{CB8EA097-1C41-43D6-B0A3-5F25CA056D5A}.Release|iPhoneSimulator.Build.0 = Release|x86
		{CB8EA097-1C41-43D6-B0A3-5F25CA056D5A}.Release|iPhoneSimulator.Deploy.0 = Release|x86
		{CB8EA097-1C41-43D6-B0A3-5F25CA056D5A}.Release|x64.ActiveCfg = Release|x64
		{CB8EA097-1C41-43D6-B0A3-5F25CA056D5A}.Release|x64.Build.0 = Release|x64
		{CB8EA097-1C41-43D6-B0A3-5F25CA056D5A}.Release|x64.Deploy.0 = Release|x64
		{CB8EA097-1C41-43D6-B0A3-5F25CA056D5A}.Release|x86.ActiveCfg = Release|x86
		{CB8EA097-1C41-43D6-B0A3-5F25CA056D5A}.Release|x86.Build.0 = Release|x86
		{CB8EA097-1C41-43D6-B0A3-5F25CA056D5A}.Release|x86.Deploy.0 = Release|x86
		{CED4D0D6-2862-4C0A-A69A-130B553B07AD}.Ad-Hoc|Any CPU.ActiveCfg = Debug|Any CPU
		{CED4D0D6-2862-4C0A-A69A-130B553B07AD}.Ad-Hoc|Any CPU.Build.0 = Debug|Any CPU
		{CED4D0D6-2862-4C0A-A69A-130B553B07AD}.Ad-Hoc|Any CPU.Deploy.0 = Debug|Any CPU
		{CED4D0D6-2862-4C0A-A69A-130B553B07AD}.Ad-Hoc|ARM.ActiveCfg = Debug|Any CPU
		{CED4D0D6-2862-4C0A-A69A-130B553B07AD}.Ad-Hoc|ARM.Build.0 = Debug|Any CPU
		{CED4D0D6-2862-4C0A-A69A-130B553B07AD}.Ad-Hoc|ARM.Deploy.0 = Debug|Any CPU
		{CED4D0D6-2862-4C0A-A69A-130B553B07AD}.Ad-Hoc|iPhone.ActiveCfg = Debug|Any CPU
		{CED4D0D6-2862-4C0A-A69A-130B553B07AD}.Ad-Hoc|iPhone.Build.0 = Debug|Any CPU
		{CED4D0D6-2862-4C0A-A69A-130B553B07AD}.Ad-Hoc|iPhone.Deploy.0 = Debug|Any CPU
		{CED4D0D6-2862-4C0A-A69A-130B553B07AD}.Ad-Hoc|iPhoneSimulator.ActiveCfg = Debug|Any CPU
		{CED4D0D6-2862-4C0A-A69A-130B553B07AD}.Ad-Hoc|iPhoneSimulator.Build.0 = Debug|Any CPU
		{CED4D0D6-2862-4C0A-A69A-130B553B07AD}.Ad-Hoc|iPhoneSimulator.Deploy.0 = Debug|Any CPU
		{CED4D0D6-2862-4C0A-A69A-130B553B07AD}.Ad-Hoc|x64.ActiveCfg = Debug|Any CPU
		{CED4D0D6-2862-4C0A-A69A-130B553B07AD}.Ad-Hoc|x64.Build.0 = Debug|Any CPU
		{CED4D0D6-2862-4C0A-A69A-130B553B07AD}.Ad-Hoc|x64.Deploy.0 = Debug|Any CPU
		{CED4D0D6-2862-4C0A-A69A-130B553B07AD}.Ad-Hoc|x86.ActiveCfg = Debug|Any CPU
		{CED4D0D6-2862-4C0A-A69A-130B553B07AD}.Ad-Hoc|x86.Build.0 = Debug|Any CPU
		{CED4D0D6-2862-4C0A-A69A-130B553B07AD}.Ad-Hoc|x86.Deploy.0 = Debug|Any CPU
		{CED4D0D6-2862-4C0A-A69A-130B553B07AD}.AppStore|Any CPU.ActiveCfg = Debug|Any CPU
		{CED4D0D6-2862-4C0A-A69A-130B553B07AD}.AppStore|Any CPU.Build.0 = Debug|Any CPU
		{CED4D0D6-2862-4C0A-A69A-130B553B07AD}.AppStore|Any CPU.Deploy.0 = Debug|Any CPU
		{CED4D0D6-2862-4C0A-A69A-130B553B07AD}.AppStore|ARM.ActiveCfg = Debug|Any CPU
		{CED4D0D6-2862-4C0A-A69A-130B553B07AD}.AppStore|ARM.Build.0 = Debug|Any CPU
		{CED4D0D6-2862-4C0A-A69A-130B553B07AD}.AppStore|ARM.Deploy.0 = Debug|Any CPU
		{CED4D0D6-2862-4C0A-A69A-130B553B07AD}.AppStore|iPhone.ActiveCfg = Debug|Any CPU
		{CED4D0D6-2862-4C0A-A69A-130B553B07AD}.AppStore|iPhone.Build.0 = Debug|Any CPU
		{CED4D0D6-2862-4C0A-A69A-130B553B07AD}.AppStore|iPhone.Deploy.0 = Debug|Any CPU
		{CED4D0D6-2862-4C0A-A69A-130B553B07AD}.AppStore|iPhoneSimulator.ActiveCfg = Debug|Any CPU
		{CED4D0D6-2862-4C0A-A69A-130B553B07AD}.AppStore|iPhoneSimulator.Build.0 = Debug|Any CPU
		{CED4D0D6-2862-4C0A-A69A-130B553B07AD}.AppStore|iPhoneSimulator.Deploy.0 = Debug|Any CPU
		{CED4D0D6-2862-4C0A-A69A-130B553B07AD}.AppStore|x64.ActiveCfg = Debug|Any CPU
		{CED4D0D6-2862-4C0A-A69A-130B553B07AD}.AppStore|x64.Build.0 = Debug|Any CPU
		{CED4D0D6-2862-4C0A-A69A-130B553B07AD}.AppStore|x64.Deploy.0 = Debug|Any CPU
		{CED4D0D6-2862-4C0A-A69A-130B553B07AD}.AppStore|x86.ActiveCfg = Debug|Any CPU
		{CED4D0D6-2862-4C0A-A69A-130B553B07AD}.AppStore|x86.Build.0 = Debug|Any CPU
		{CED4D0D6-2862-4C0A-A69A-130B553B07AD}.AppStore|x86.Deploy.0 = Debug|Any CPU
		{CED4D0D6-2862-4C0A-A69A-130B553B07AD}.Debug|Any CPU.ActiveCfg = Debug|Any CPU
		{CED4D0D6-2862-4C0A-A69A-130B553B07AD}.Debug|Any CPU.Build.0 = Debug|Any CPU
		{CED4D0D6-2862-4C0A-A69A-130B553B07AD}.Debug|Any CPU.Deploy.0 = Debug|Any CPU
		{CED4D0D6-2862-4C0A-A69A-130B553B07AD}.Debug|ARM.ActiveCfg = Debug|Any CPU
		{CED4D0D6-2862-4C0A-A69A-130B553B07AD}.Debug|ARM.Build.0 = Debug|Any CPU
		{CED4D0D6-2862-4C0A-A69A-130B553B07AD}.Debug|ARM.Deploy.0 = Debug|Any CPU
		{CED4D0D6-2862-4C0A-A69A-130B553B07AD}.Debug|iPhone.ActiveCfg = Debug|Any CPU
		{CED4D0D6-2862-4C0A-A69A-130B553B07AD}.Debug|iPhone.Build.0 = Debug|Any CPU
		{CED4D0D6-2862-4C0A-A69A-130B553B07AD}.Debug|iPhone.Deploy.0 = Debug|Any CPU
		{CED4D0D6-2862-4C0A-A69A-130B553B07AD}.Debug|iPhoneSimulator.ActiveCfg = Debug|Any CPU
		{CED4D0D6-2862-4C0A-A69A-130B553B07AD}.Debug|iPhoneSimulator.Build.0 = Debug|Any CPU
		{CED4D0D6-2862-4C0A-A69A-130B553B07AD}.Debug|iPhoneSimulator.Deploy.0 = Debug|Any CPU
		{CED4D0D6-2862-4C0A-A69A-130B553B07AD}.Debug|x64.ActiveCfg = Debug|Any CPU
		{CED4D0D6-2862-4C0A-A69A-130B553B07AD}.Debug|x64.Build.0 = Debug|Any CPU
		{CED4D0D6-2862-4C0A-A69A-130B553B07AD}.Debug|x64.Deploy.0 = Debug|Any CPU
		{CED4D0D6-2862-4C0A-A69A-130B553B07AD}.Debug|x86.ActiveCfg = Debug|Any CPU
		{CED4D0D6-2862-4C0A-A69A-130B553B07AD}.Debug|x86.Build.0 = Debug|Any CPU
		{CED4D0D6-2862-4C0A-A69A-130B553B07AD}.Debug|x86.Deploy.0 = Debug|Any CPU
		{CED4D0D6-2862-4C0A-A69A-130B553B07AD}.Release|Any CPU.ActiveCfg = Release|Any CPU
		{CED4D0D6-2862-4C0A-A69A-130B553B07AD}.Release|Any CPU.Build.0 = Release|Any CPU
		{CED4D0D6-2862-4C0A-A69A-130B553B07AD}.Release|Any CPU.Deploy.0 = Release|Any CPU
		{CED4D0D6-2862-4C0A-A69A-130B553B07AD}.Release|ARM.ActiveCfg = Release|Any CPU
		{CED4D0D6-2862-4C0A-A69A-130B553B07AD}.Release|ARM.Build.0 = Release|Any CPU
		{CED4D0D6-2862-4C0A-A69A-130B553B07AD}.Release|ARM.Deploy.0 = Release|Any CPU
		{CED4D0D6-2862-4C0A-A69A-130B553B07AD}.Release|iPhone.ActiveCfg = Release|Any CPU
		{CED4D0D6-2862-4C0A-A69A-130B553B07AD}.Release|iPhone.Build.0 = Release|Any CPU
		{CED4D0D6-2862-4C0A-A69A-130B553B07AD}.Release|iPhone.Deploy.0 = Release|Any CPU
		{CED4D0D6-2862-4C0A-A69A-130B553B07AD}.Release|iPhoneSimulator.ActiveCfg = Release|Any CPU
		{CED4D0D6-2862-4C0A-A69A-130B553B07AD}.Release|iPhoneSimulator.Build.0 = Release|Any CPU
		{CED4D0D6-2862-4C0A-A69A-130B553B07AD}.Release|iPhoneSimulator.Deploy.0 = Release|Any CPU
		{CED4D0D6-2862-4C0A-A69A-130B553B07AD}.Release|x64.ActiveCfg = Release|Any CPU
		{CED4D0D6-2862-4C0A-A69A-130B553B07AD}.Release|x64.Build.0 = Release|Any CPU
		{CED4D0D6-2862-4C0A-A69A-130B553B07AD}.Release|x64.Deploy.0 = Release|Any CPU
		{CED4D0D6-2862-4C0A-A69A-130B553B07AD}.Release|x86.ActiveCfg = Release|Any CPU
		{CED4D0D6-2862-4C0A-A69A-130B553B07AD}.Release|x86.Build.0 = Release|Any CPU
		{CED4D0D6-2862-4C0A-A69A-130B553B07AD}.Release|x86.Deploy.0 = Release|Any CPU
	EndGlobalSection
	GlobalSection(SolutionProperties) = preSolution
		HideSolutionNode = FALSE
	EndGlobalSection
	GlobalSection(ExtensibilityGlobals) = postSolution
		SolutionGuid = {1EF37D09-6AAB-49C0-BD47-F776169A591F}
	EndGlobalSection
EndGlobal
