
Microsoft Visual Studio Solution File, Format Version 12.00
# Visual Studio 15
VisualStudioVersion = 15.0.28010.2048
MinimumVisualStudioVersion = 10.0.40219.1
Project("{FAE04EC0-301F-11D3-BF4B-00C04F79EFBC}") = "Animations.Android", "Animations\Animations.Android\Animations.Android.csproj", "{B018F440-0890-4F01-84C6-FE3470EDF656}"
EndProject
Project("{FAE04EC0-301F-11D3-BF4B-00C04F79EFBC}") = "Animations.iOS", "Animations\Animations.iOS\Animations.iOS.csproj", "{20877D33-4DE5-4DD5-89B9-F8EACC9EB866}"
EndProject
Project("{FAE04EC0-301F-11D3-BF4B-00C04F79EFBC}") = "Animations.UWP", "Animations\Animations.UWP\Animations.UWP.csproj", "{19933D7D-C258-4EC6-A79A-E2A02AD233D7}"
EndProject
Project("{FAE04EC0-301F-11D3-BF4B-00C04F79EFBC}") = "Animations", "Animations\Animations\Animations.csproj", "{1049DEFB-A013-4533-AC1C-09903C65C259}"
EndProject
Global
	GlobalSection(SolutionConfigurationPlatforms) = preSolution
		Ad-Hoc|Any CPU = Ad-Hoc|Any CPU
		Ad-Hoc|ARM = Ad-Hoc|ARM
		Ad-Hoc|iPhone = Ad-Hoc|iPhone
		Ad-Hoc|iPhoneSimulator = Ad-Hoc|iPhoneSimulator
		Ad-Hoc|x64 = Ad-Hoc|x64
		Ad-Hoc|x86 = Ad-Hoc|x86
		AppStore|Any CPU = AppStore|Any CPU
		AppStore|ARM = AppStore|ARM
		AppStore|iPhone = AppStore|iPhone
		AppStore|iPhoneSimulator = AppStore|iPhoneSimulator
		AppStore|x64 = AppStore|x64
		AppStore|x86 = AppStore|x86
		Debug|Any CPU = Debug|Any CPU
		Debug|ARM = Debug|ARM
		Debug|iPhone = Debug|iPhone
		Debug|iPhoneSimulator = Debug|iPhoneSimulator
		Debug|x64 = Debug|x64
		Debug|x86 = Debug|x86
		Release|Any CPU = Release|Any CPU
		Release|ARM = Release|ARM
		Release|iPhone = Release|iPhone
		Release|iPhoneSimulator = Release|iPhoneSimulator
		Release|x64 = Release|x64
		Release|x86 = Release|x86
	EndGlobalSection
	GlobalSection(ProjectConfigurationPlatforms) = postSolution
		{B018F440-0890-4F01-84C6-FE3470EDF656}.Ad-Hoc|Any CPU.ActiveCfg = Release|Any CPU
		{B018F440-0890-4F01-84C6-FE3470EDF656}.Ad-Hoc|Any CPU.Build.0 = Release|Any CPU
		{B018F440-0890-4F01-84C6-FE3470EDF656}.Ad-Hoc|Any CPU.Deploy.0 = Release|Any CPU
		{B018F440-0890-4F01-84C6-FE3470EDF656}.Ad-Hoc|ARM.ActiveCfg = Release|Any CPU
		{B018F440-0890-4F01-84C6-FE3470EDF656}.Ad-Hoc|ARM.Build.0 = Release|Any CPU
		{B018F440-0890-4F01-84C6-FE3470EDF656}.Ad-Hoc|ARM.Deploy.0 = Release|Any CPU
		{B018F440-0890-4F01-84C6-FE3470EDF656}.Ad-Hoc|iPhone.ActiveCfg = Release|Any CPU
		{B018F440-0890-4F01-84C6-FE3470EDF656}.Ad-Hoc|iPhone.Build.0 = Release|Any CPU
		{B018F440-0890-4F01-84C6-FE3470EDF656}.Ad-Hoc|iPhone.Deploy.0 = Release|Any CPU
		{B018F440-0890-4F01-84C6-FE3470EDF656}.Ad-Hoc|iPhoneSimulator.ActiveCfg = Release|Any CPU
		{B018F440-0890-4F01-84C6-FE3470EDF656}.Ad-Hoc|iPhoneSimulator.Build.0 = Release|Any CPU
		{B018F440-0890-4F01-84C6-FE3470EDF656}.Ad-Hoc|iPhoneSimulator.Deploy.0 = Release|Any CPU
		{B018F440-0890-4F01-84C6-FE3470EDF656}.Ad-Hoc|x64.ActiveCfg = Release|Any CPU
		{B018F440-0890-4F01-84C6-FE3470EDF656}.Ad-Hoc|x64.Build.0 = Release|Any CPU
		{B018F440-0890-4F01-84C6-FE3470EDF656}.Ad-Hoc|x64.Deploy.0 = Release|Any CPU
		{B018F440-0890-4F01-84C6-FE3470EDF656}.Ad-Hoc|x86.ActiveCfg = Release|Any CPU
		{B018F440-0890-4F01-84C6-FE3470EDF656}.Ad-Hoc|x86.Build.0 = Release|Any CPU
		{B018F440-0890-4F01-84C6-FE3470EDF656}.Ad-Hoc|x86.Deploy.0 = Release|Any CPU
		{B018F440-0890-4F01-84C6-FE3470EDF656}.AppStore|Any CPU.ActiveCfg = Release|Any CPU
		{B018F440-0890-4F01-84C6-FE3470EDF656}.AppStore|Any CPU.Build.0 = Release|Any CPU
		{B018F440-0890-4F01-84C6-FE3470EDF656}.AppStore|Any CPU.Deploy.0 = Release|Any CPU
		{B018F440-0890-4F01-84C6-FE3470EDF656}.AppStore|ARM.ActiveCfg = Release|Any CPU
		{B018F440-0890-4F01-84C6-FE3470EDF656}.AppStore|ARM.Build.0 = Release|Any CPU
		{B018F440-0890-4F01-84C6-FE3470EDF656}.AppStore|ARM.Deploy.0 = Release|Any CPU
		{B018F440-0890-4F01-84C6-FE3470EDF656}.AppStore|iPhone.ActiveCfg = Release|Any CPU
		{B018F440-0890-4F01-84C6-FE3470EDF656}.AppStore|iPhone.Build.0 = Release|Any CPU
		{B018F440-0890-4F01-84C6-FE3470EDF656}.AppStore|iPhone.Deploy.0 = Release|Any CPU
		{B018F440-0890-4F01-84C6-FE3470EDF656}.AppStore|iPhoneSimulator.ActiveCfg = Release|Any CPU
		{B018F440-0890-4F01-84C6-FE3470EDF656}.AppStore|iPhoneSimulator.Build.0 = Release|Any CPU
		{B018F440-0890-4F01-84C6-FE3470EDF656}.AppStore|iPhoneSimulator.Deploy.0 = Release|Any CPU
		{B018F440-0890-4F01-84C6-FE3470EDF656}.AppStore|x64.ActiveCfg = Release|Any CPU
		{B018F440-0890-4F01-84C6-FE3470EDF656}.AppStore|x64.Build.0 = Release|Any CPU
		{B018F440-0890-4F01-84C6-FE3470EDF656}.AppStore|x64.Deploy.0 = Release|Any CPU
		{B018F440-0890-4F01-84C6-FE3470EDF656}.AppStore|x86.ActiveCfg = Release|Any CPU
		{B018F440-0890-4F01-84C6-FE3470EDF656}.AppStore|x86.Build.0 = Release|Any CPU
		{B018F440-0890-4F01-84C6-FE3470EDF656}.AppStore|x86.Deploy.0 = Release|Any CPU
		{B018F440-0890-4F01-84C6-FE3470EDF656}.Debug|Any CPU.ActiveCfg = Debug|Any CPU
		{B018F440-0890-4F01-84C6-FE3470EDF656}.Debug|Any CPU.Build.0 = Debug|Any CPU
		{B018F440-0890-4F01-84C6-FE3470EDF656}.Debug|Any CPU.Deploy.0 = Debug|Any CPU
		{B018F440-0890-4F01-84C6-FE3470EDF656}.Debug|ARM.ActiveCfg = Debug|Any CPU
		{B018F440-0890-4F01-84C6-FE3470EDF656}.Debug|ARM.Build.0 = Debug|Any CPU
		{B018F440-0890-4F01-84C6-FE3470EDF656}.Debug|ARM.Deploy.0 = Debug|Any CPU
		{B018F440-0890-4F01-84C6-FE3470EDF656}.Debug|iPhone.ActiveCfg = Debug|Any CPU
		{B018F440-0890-4F01-84C6-FE3470EDF656}.Debug|iPhone.Build.0 = Debug|Any CPU
		{B018F440-0890-4F01-84C6-FE3470EDF656}.Debug|iPhone.Deploy.0 = Debug|Any CPU
		{B018F440-0890-4F01-84C6-FE3470EDF656}.Debug|iPhoneSimulator.ActiveCfg = Debug|Any CPU
		{B018F440-0890-4F01-84C6-FE3470EDF656}.Debug|iPhoneSimulator.Build.0 = Debug|Any CPU
		{B018F440-0890-4F01-84C6-FE3470EDF656}.Debug|iPhoneSimulator.Deploy.0 = Debug|Any CPU
		{B018F440-0890-4F01-84C6-FE3470EDF656}.Debug|x64.ActiveCfg = Debug|Any CPU
		{B018F440-0890-4F01-84C6-FE3470EDF656}.Debug|x64.Build.0 = Debug|Any CPU
		{B018F440-0890-4F01-84C6-FE3470EDF656}.Debug|x64.Deploy.0 = Debug|Any CPU
		{B018F440-0890-4F01-84C6-FE3470EDF656}.Debug|x86.ActiveCfg = Debug|Any CPU
		{B018F440-0890-4F01-84C6-FE3470EDF656}.Debug|x86.Build.0 = Debug|Any CPU
		{B018F440-0890-4F01-84C6-FE3470EDF656}.Debug|x86.Deploy.0 = Debug|Any CPU
		{B018F440-0890-4F01-84C6-FE3470EDF656}.Release|Any CPU.ActiveCfg = Release|Any CPU
		{B018F440-0890-4F01-84C6-FE3470EDF656}.Release|Any CPU.Build.0 = Release|Any CPU
		{B018F440-0890-4F01-84C6-FE3470EDF656}.Release|Any CPU.Deploy.0 = Release|Any CPU
		{B018F440-0890-4F01-84C6-FE3470EDF656}.Release|ARM.ActiveCfg = Release|Any CPU
		{B018F440-0890-4F01-84C6-FE3470EDF656}.Release|ARM.Build.0 = Release|Any CPU
		{B018F440-0890-4F01-84C6-FE3470EDF656}.Release|ARM.Deploy.0 = Release|Any CPU
		{B018F440-0890-4F01-84C6-FE3470EDF656}.Release|iPhone.ActiveCfg = Release|Any CPU
		{B018F440-0890-4F01-84C6-FE3470EDF656}.Release|iPhone.Build.0 = Release|Any CPU
		{B018F440-0890-4F01-84C6-FE3470EDF656}.Release|iPhone.Deploy.0 = Release|Any CPU
		{B018F440-0890-4F01-84C6-FE3470EDF656}.Release|iPhoneSimulator.ActiveCfg = Release|Any CPU
		{B018F440-0890-4F01-84C6-FE3470EDF656}.Release|iPhoneSimulator.Build.0 = Release|Any CPU
		{B018F440-0890-4F01-84C6-FE3470EDF656}.Release|iPhoneSimulator.Deploy.0 = Release|Any CPU
		{B018F440-0890-4F01-84C6-FE3470EDF656}.Release|x64.ActiveCfg = Release|Any CPU
		{B018F440-0890-4F01-84C6-FE3470EDF656}.Release|x64.Build.0 = Release|Any CPU
		{B018F440-0890-4F01-84C6-FE3470EDF656}.Release|x64.Deploy.0 = Release|Any CPU
		{B018F440-0890-4F01-84C6-FE3470EDF656}.Release|x86.ActiveCfg = Release|Any CPU
		{B018F440-0890-4F01-84C6-FE3470EDF656}.Release|x86.Build.0 = Release|Any CPU
		{B018F440-0890-4F01-84C6-FE3470EDF656}.Release|x86.Deploy.0 = Release|Any CPU
		{20877D33-4DE5-4DD5-89B9-F8EACC9EB866}.Ad-Hoc|Any CPU.ActiveCfg = Ad-Hoc|iPhone
		{20877D33-4DE5-4DD5-89B9-F8EACC9EB866}.Ad-Hoc|Any CPU.Build.0 = Ad-Hoc|iPhone
		{20877D33-4DE5-4DD5-89B9-F8EACC9EB866}.Ad-Hoc|Any CPU.Deploy.0 = Ad-Hoc|iPhone
		{20877D33-4DE5-4DD5-89B9-F8EACC9EB866}.Ad-Hoc|ARM.ActiveCfg = Ad-Hoc|iPhone
		{20877D33-4DE5-4DD5-89B9-F8EACC9EB866}.Ad-Hoc|ARM.Build.0 = Ad-Hoc|iPhone
		{20877D33-4DE5-4DD5-89B9-F8EACC9EB866}.Ad-Hoc|ARM.Deploy.0 = Ad-Hoc|iPhone
		{20877D33-4DE5-4DD5-89B9-F8EACC9EB866}.Ad-Hoc|iPhone.ActiveCfg = Ad-Hoc|iPhone
		{20877D33-4DE5-4DD5-89B9-F8EACC9EB866}.Ad-Hoc|iPhone.Build.0 = Ad-Hoc|iPhone
		{20877D33-4DE5-4DD5-89B9-F8EACC9EB866}.Ad-Hoc|iPhone.Deploy.0 = Ad-Hoc|iPhone
		{20877D33-4DE5-4DD5-89B9-F8EACC9EB866}.Ad-Hoc|iPhoneSimulator.ActiveCfg = Ad-Hoc|iPhoneSimulator
		{20877D33-4DE5-4DD5-89B9-F8EACC9EB866}.Ad-Hoc|iPhoneSimulator.Build.0 = Ad-Hoc|iPhoneSimulator
		{20877D33-4DE5-4DD5-89B9-F8EACC9EB866}.Ad-Hoc|iPhoneSimulator.Deploy.0 = Ad-Hoc|iPhoneSimulator
		{20877D33-4DE5-4DD5-89B9-F8EACC9EB866}.Ad-Hoc|x64.ActiveCfg = Ad-Hoc|iPhone
		{20877D33-4DE5-4DD5-89B9-F8EACC9EB866}.Ad-Hoc|x64.Build.0 = Ad-Hoc|iPhone
		{20877D33-4DE5-4DD5-89B9-F8EACC9EB866}.Ad-Hoc|x64.Deploy.0 = Ad-Hoc|iPhone
		{20877D33-4DE5-4DD5-89B9-F8EACC9EB866}.Ad-Hoc|x86.ActiveCfg = Ad-Hoc|iPhone
		{20877D33-4DE5-4DD5-89B9-F8EACC9EB866}.Ad-Hoc|x86.Build.0 = Ad-Hoc|iPhone
		{20877D33-4DE5-4DD5-89B9-F8EACC9EB866}.Ad-Hoc|x86.Deploy.0 = Ad-Hoc|iPhone
		{20877D33-4DE5-4DD5-89B9-F8EACC9EB866}.AppStore|Any CPU.ActiveCfg = AppStore|iPhone
		{20877D33-4DE5-4DD5-89B9-F8EACC9EB866}.AppStore|Any CPU.Build.0 = AppStore|iPhone
		{20877D33-4DE5-4DD5-89B9-F8EACC9EB866}.AppStore|Any CPU.Deploy.0 = AppStore|iPhone
		{20877D33-4DE5-4DD5-89B9-F8EACC9EB866}.AppStore|ARM.ActiveCfg = AppStore|iPhone
		{20877D33-4DE5-4DD5-89B9-F8EACC9EB866}.AppStore|ARM.Build.0 = AppStore|iPhone
		{20877D33-4DE5-4DD5-89B9-F8EACC9EB866}.AppStore|ARM.Deploy.0 = AppStore|iPhone
		{20877D33-4DE5-4DD5-89B9-F8EACC9EB866}.AppStore|iPhone.ActiveCfg = AppStore|iPhone
		{20877D33-4DE5-4DD5-89B9-F8EACC9EB866}.AppStore|iPhone.Build.0 = AppStore|iPhone
		{20877D33-4DE5-4DD5-89B9-F8EACC9EB866}.AppStore|iPhone.Deploy.0 = AppStore|iPhone
		{20877D33-4DE5-4DD5-89B9-F8EACC9EB866}.AppStore|iPhoneSimulator.ActiveCfg = AppStore|iPhoneSimulator
		{20877D33-4DE5-4DD5-89B9-F8EACC9EB866}.AppStore|iPhoneSimulator.Build.0 = AppStore|iPhoneSimulator
		{20877D33-4DE5-4DD5-89B9-F8EACC9EB866}.AppStore|iPhoneSimulator.Deploy.0 = AppStore|iPhoneSimulator
		{20877D33-4DE5-4DD5-89B9-F8EACC9EB866}.AppStore|x64.ActiveCfg = AppStore|iPhone
		{20877D33-4DE5-4DD5-89B9-F8EACC9EB866}.AppStore|x64.Build.0 = AppStore|iPhone
		{20877D33-4DE5-4DD5-89B9-F8EACC9EB866}.AppStore|x64.Deploy.0 = AppStore|iPhone
		{20877D33-4DE5-4DD5-89B9-F8EACC9EB866}.AppStore|x86.ActiveCfg = AppStore|iPhone
		{20877D33-4DE5-4DD5-89B9-F8EACC9EB866}.AppStore|x86.Build.0 = AppStore|iPhone
		{20877D33-4DE5-4DD5-89B9-F8EACC9EB866}.AppStore|x86.Deploy.0 = AppStore|iPhone
		{20877D33-4DE5-4DD5-89B9-F8EACC9EB866}.Debug|Any CPU.ActiveCfg = Debug|iPhoneSimulator
		{20877D33-4DE5-4DD5-89B9-F8EACC9EB866}.Debug|Any CPU.Build.0 = Debug|iPhoneSimulator
		{20877D33-4DE5-4DD5-89B9-F8EACC9EB866}.Debug|Any CPU.Deploy.0 = Debug|iPhoneSimulator
		{20877D33-4DE5-4DD5-89B9-F8EACC9EB866}.Debug|ARM.ActiveCfg = Debug|iPhone
		{20877D33-4DE5-4DD5-89B9-F8EACC9EB866}.Debug|ARM.Build.0 = Debug|iPhone
		{20877D33-4DE5-4DD5-89B9-F8EACC9EB866}.Debug|ARM.Deploy.0 = Debug|iPhone
		{20877D33-4DE5-4DD5-89B9-F8EACC9EB866}.Debug|iPhone.ActiveCfg = Debug|iPhone
		{20877D33-4DE5-4DD5-89B9-F8EACC9EB866}.Debug|iPhone.Build.0 = Debug|iPhone
		{20877D33-4DE5-4DD5-89B9-F8EACC9EB866}.Debug|iPhone.Deploy.0 = Debug|iPhone
		{20877D33-4DE5-4DD5-89B9-F8EACC9EB866}.Debug|iPhoneSimulator.ActiveCfg = Debug|iPhoneSimulator
		{20877D33-4DE5-4DD5-89B9-F8EACC9EB866}.Debug|iPhoneSimulator.Build.0 = Debug|iPhoneSimulator
		{20877D33-4DE5-4DD5-89B9-F8EACC9EB866}.Debug|iPhoneSimulator.Deploy.0 = Debug|iPhoneSimulator
		{20877D33-4DE5-4DD5-89B9-F8EACC9EB866}.Debug|x64.ActiveCfg = Debug|iPhone
		{20877D33-4DE5-4DD5-89B9-F8EACC9EB866}.Debug|x64.Build.0 = Debug|iPhone
		{20877D33-4DE5-4DD5-89B9-F8EACC9EB866}.Debug|x64.Deploy.0 = Debug|iPhone
		{20877D33-4DE5-4DD5-89B9-F8EACC9EB866}.Debug|x86.ActiveCfg = Debug|iPhone
		{20877D33-4DE5-4DD5-89B9-F8EACC9EB866}.Debug|x86.Build.0 = Debug|iPhone
		{20877D33-4DE5-4DD5-89B9-F8EACC9EB866}.Debug|x86.Deploy.0 = Debug|iPhone
		{20877D33-4DE5-4DD5-89B9-F8EACC9EB866}.Release|Any CPU.ActiveCfg = Release|iPhone
		{20877D33-4DE5-4DD5-89B9-F8EACC9EB866}.Release|Any CPU.Build.0 = Release|iPhone
		{20877D33-4DE5-4DD5-89B9-F8EACC9EB866}.Release|Any CPU.Deploy.0 = Release|iPhone
		{20877D33-4DE5-4DD5-89B9-F8EACC9EB866}.Release|ARM.ActiveCfg = Release|iPhone
		{20877D33-4DE5-4DD5-89B9-F8EACC9EB866}.Release|ARM.Build.0 = Release|iPhone
		{20877D33-4DE5-4DD5-89B9-F8EACC9EB866}.Release|ARM.Deploy.0 = Release|iPhone
		{20877D33-4DE5-4DD5-89B9-F8EACC9EB866}.Release|iPhone.ActiveCfg = Release|iPhone
		{20877D33-4DE5-4DD5-89B9-F8EACC9EB866}.Release|iPhone.Build.0 = Release|iPhone
		{20877D33-4DE5-4DD5-89B9-F8EACC9EB866}.Release|iPhone.Deploy.0 = Release|iPhone
		{20877D33-4DE5-4DD5-89B9-F8EACC9EB866}.Release|iPhoneSimulator.ActiveCfg = Release|iPhoneSimulator
		{20877D33-4DE5-4DD5-89B9-F8EACC9EB866}.Release|iPhoneSimulator.Build.0 = Release|iPhoneSimulator
		{20877D33-4DE5-4DD5-89B9-F8EACC9EB866}.Release|iPhoneSimulator.Deploy.0 = Release|iPhoneSimulator
		{20877D33-4DE5-4DD5-89B9-F8EACC9EB866}.Release|x64.ActiveCfg = Release|iPhone
		{20877D33-4DE5-4DD5-89B9-F8EACC9EB866}.Release|x64.Build.0 = Release|iPhone
		{20877D33-4DE5-4DD5-89B9-F8EACC9EB866}.Release|x64.Deploy.0 = Release|iPhone
		{20877D33-4DE5-4DD5-89B9-F8EACC9EB866}.Release|x86.ActiveCfg = Release|iPhone
		{20877D33-4DE5-4DD5-89B9-F8EACC9EB866}.Release|x86.Build.0 = Release|iPhone
		{20877D33-4DE5-4DD5-89B9-F8EACC9EB866}.Release|x86.Deploy.0 = Release|iPhone
		{19933D7D-C258-4EC6-A79A-E2A02AD233D7}.Ad-Hoc|Any CPU.ActiveCfg = Release|x86
		{19933D7D-C258-4EC6-A79A-E2A02AD233D7}.Ad-Hoc|Any CPU.Build.0 = Release|x86
		{19933D7D-C258-4EC6-A79A-E2A02AD233D7}.Ad-Hoc|Any CPU.Deploy.0 = Release|x86
		{19933D7D-C258-4EC6-A79A-E2A02AD233D7}.Ad-Hoc|ARM.ActiveCfg = Release|ARM
		{19933D7D-C258-4EC6-A79A-E2A02AD233D7}.Ad-Hoc|ARM.Build.0 = Release|ARM
		{19933D7D-C258-4EC6-A79A-E2A02AD233D7}.Ad-Hoc|ARM.Deploy.0 = Release|ARM
		{19933D7D-C258-4EC6-A79A-E2A02AD233D7}.Ad-Hoc|iPhone.ActiveCfg = Release|x86
		{19933D7D-C258-4EC6-A79A-E2A02AD233D7}.Ad-Hoc|iPhone.Build.0 = Release|x86
		{19933D7D-C258-4EC6-A79A-E2A02AD233D7}.Ad-Hoc|iPhone.Deploy.0 = Release|x86
		{19933D7D-C258-4EC6-A79A-E2A02AD233D7}.Ad-Hoc|iPhoneSimulator.ActiveCfg = Release|x86
		{19933D7D-C258-4EC6-A79A-E2A02AD233D7}.Ad-Hoc|iPhoneSimulator.Build.0 = Release|x86
		{19933D7D-C258-4EC6-A79A-E2A02AD233D7}.Ad-Hoc|iPhoneSimulator.Deploy.0 = Release|x86
		{19933D7D-C258-4EC6-A79A-E2A02AD233D7}.Ad-Hoc|x64.ActiveCfg = Release|x64
		{19933D7D-C258-4EC6-A79A-E2A02AD233D7}.Ad-Hoc|x64.Build.0 = Release|x64
		{19933D7D-C258-4EC6-A79A-E2A02AD233D7}.Ad-Hoc|x64.Deploy.0 = Release|x64
		{19933D7D-C258-4EC6-A79A-E2A02AD233D7}.Ad-Hoc|x86.ActiveCfg = Release|x86
		{19933D7D-C258-4EC6-A79A-E2A02AD233D7}.Ad-Hoc|x86.Build.0 = Release|x86
		{19933D7D-C258-4EC6-A79A-E2A02AD233D7}.Ad-Hoc|x86.Deploy.0 = Release|x86
		{19933D7D-C258-4EC6-A79A-E2A02AD233D7}.AppStore|Any CPU.ActiveCfg = Release|x86
		{19933D7D-C258-4EC6-A79A-E2A02AD233D7}.AppStore|Any CPU.Build.0 = Release|x86
		{19933D7D-C258-4EC6-A79A-E2A02AD233D7}.AppStore|Any CPU.Deploy.0 = Release|x86
		{19933D7D-C258-4EC6-A79A-E2A02AD233D7}.AppStore|ARM.ActiveCfg = Release|ARM
		{19933D7D-C258-4EC6-A79A-E2A02AD233D7}.AppStore|ARM.Build.0 = Release|ARM
		{19933D7D-C258-4EC6-A79A-E2A02AD233D7}.AppStore|ARM.Deploy.0 = Release|ARM
		{19933D7D-C258-4EC6-A79A-E2A02AD233D7}.AppStore|iPhone.ActiveCfg = Release|x86
		{19933D7D-C258-4EC6-A79A-E2A02AD233D7}.AppStore|iPhone.Build.0 = Release|x86
		{19933D7D-C258-4EC6-A79A-E2A02AD233D7}.AppStore|iPhone.Deploy.0 = Release|x86
		{19933D7D-C258-4EC6-A79A-E2A02AD233D7}.AppStore|iPhoneSimulator.ActiveCfg = Release|x86
		{19933D7D-C258-4EC6-A79A-E2A02AD233D7}.AppStore|iPhoneSimulator.Build.0 = Release|x86
		{19933D7D-C258-4EC6-A79A-E2A02AD233D7}.AppStore|iPhoneSimulator.Deploy.0 = Release|x86
		{19933D7D-C258-4EC6-A79A-E2A02AD233D7}.AppStore|x64.ActiveCfg = Release|x64
		{19933D7D-C258-4EC6-A79A-E2A02AD233D7}.AppStore|x64.Build.0 = Release|x64
		{19933D7D-C258-4EC6-A79A-E2A02AD233D7}.AppStore|x64.Deploy.0 = Release|x64
		{19933D7D-C258-4EC6-A79A-E2A02AD233D7}.AppStore|x86.ActiveCfg = Release|x86
		{19933D7D-C258-4EC6-A79A-E2A02AD233D7}.AppStore|x86.Build.0 = Release|x86
		{19933D7D-C258-4EC6-A79A-E2A02AD233D7}.AppStore|x86.Deploy.0 = Release|x86
		{19933D7D-C258-4EC6-A79A-E2A02AD233D7}.Debug|Any CPU.ActiveCfg = Debug|x86
		{19933D7D-C258-4EC6-A79A-E2A02AD233D7}.Debug|Any CPU.Build.0 = Debug|x86
		{19933D7D-C258-4EC6-A79A-E2A02AD233D7}.Debug|Any CPU.Deploy.0 = Debug|x86
		{19933D7D-C258-4EC6-A79A-E2A02AD233D7}.Debug|ARM.ActiveCfg = Debug|ARM
		{19933D7D-C258-4EC6-A79A-E2A02AD233D7}.Debug|ARM.Build.0 = Debug|ARM
		{19933D7D-C258-4EC6-A79A-E2A02AD233D7}.Debug|ARM.Deploy.0 = Debug|ARM
		{19933D7D-C258-4EC6-A79A-E2A02AD233D7}.Debug|iPhone.ActiveCfg = Debug|x86
		{19933D7D-C258-4EC6-A79A-E2A02AD233D7}.Debug|iPhone.Build.0 = Debug|x86
		{19933D7D-C258-4EC6-A79A-E2A02AD233D7}.Debug|iPhone.Deploy.0 = Debug|x86
		{19933D7D-C258-4EC6-A79A-E2A02AD233D7}.Debug|iPhoneSimulator.ActiveCfg = Debug|x86
		{19933D7D-C258-4EC6-A79A-E2A02AD233D7}.Debug|iPhoneSimulator.Build.0 = Debug|x86
		{19933D7D-C258-4EC6-A79A-E2A02AD233D7}.Debug|iPhoneSimulator.Deploy.0 = Debug|x86
		{19933D7D-C258-4EC6-A79A-E2A02AD233D7}.Debug|x64.ActiveCfg = Debug|x64
		{19933D7D-C258-4EC6-A79A-E2A02AD233D7}.Debug|x64.Build.0 = Debug|x64
		{19933D7D-C258-4EC6-A79A-E2A02AD233D7}.Debug|x64.Deploy.0 = Debug|x64
		{19933D7D-C258-4EC6-A79A-E2A02AD233D7}.Debug|x86.ActiveCfg = Debug|x86
		{19933D7D-C258-4EC6-A79A-E2A02AD233D7}.Debug|x86.Build.0 = Debug|x86
		{19933D7D-C258-4EC6-A79A-E2A02AD233D7}.Debug|x86.Deploy.0 = Debug|x86
		{19933D7D-C258-4EC6-A79A-E2A02AD233D7}.Release|Any CPU.ActiveCfg = Release|x86
		{19933D7D-C258-4EC6-A79A-E2A02AD233D7}.Release|Any CPU.Build.0 = Release|x86
		{19933D7D-C258-4EC6-A79A-E2A02AD233D7}.Release|Any CPU.Deploy.0 = Release|x86
		{19933D7D-C258-4EC6-A79A-E2A02AD233D7}.Release|ARM.ActiveCfg = Release|ARM
		{19933D7D-C258-4EC6-A79A-E2A02AD233D7}.Release|ARM.Build.0 = Release|ARM
		{19933D7D-C258-4EC6-A79A-E2A02AD233D7}.Release|ARM.Deploy.0 = Release|ARM
		{19933D7D-C258-4EC6-A79A-E2A02AD233D7}.Release|iPhone.ActiveCfg = Release|x86
		{19933D7D-C258-4EC6-A79A-E2A02AD233D7}.Release|iPhone.Build.0 = Release|x86
		{19933D7D-C258-4EC6-A79A-E2A02AD233D7}.Release|iPhone.Deploy.0 = Release|x86
		{19933D7D-C258-4EC6-A79A-E2A02AD233D7}.Release|iPhoneSimulator.ActiveCfg = Release|x86
		{19933D7D-C258-4EC6-A79A-E2A02AD233D7}.Release|iPhoneSimulator.Build.0 = Release|x86
		{19933D7D-C258-4EC6-A79A-E2A02AD233D7}.Release|iPhoneSimulator.Deploy.0 = Release|x86
		{19933D7D-C258-4EC6-A79A-E2A02AD233D7}.Release|x64.ActiveCfg = Release|x64
		{19933D7D-C258-4EC6-A79A-E2A02AD233D7}.Release|x64.Build.0 = Release|x64
		{19933D7D-C258-4EC6-A79A-E2A02AD233D7}.Release|x64.Deploy.0 = Release|x64
		{19933D7D-C258-4EC6-A79A-E2A02AD233D7}.Release|x86.ActiveCfg = Release|x86
		{19933D7D-C258-4EC6-A79A-E2A02AD233D7}.Release|x86.Build.0 = Release|x86
		{19933D7D-C258-4EC6-A79A-E2A02AD233D7}.Release|x86.Deploy.0 = Release|x86
		{1049DEFB-A013-4533-AC1C-09903C65C259}.Ad-Hoc|Any CPU.ActiveCfg = Debug|Any CPU
		{1049DEFB-A013-4533-AC1C-09903C65C259}.Ad-Hoc|Any CPU.Build.0 = Debug|Any CPU
		{1049DEFB-A013-4533-AC1C-09903C65C259}.Ad-Hoc|Any CPU.Deploy.0 = Debug|Any CPU
		{1049DEFB-A013-4533-AC1C-09903C65C259}.Ad-Hoc|ARM.ActiveCfg = Debug|Any CPU
		{1049DEFB-A013-4533-AC1C-09903C65C259}.Ad-Hoc|ARM.Build.0 = Debug|Any CPU
		{1049DEFB-A013-4533-AC1C-09903C65C259}.Ad-Hoc|ARM.Deploy.0 = Debug|Any CPU
		{1049DEFB-A013-4533-AC1C-09903C65C259}.Ad-Hoc|iPhone.ActiveCfg = Debug|Any CPU
		{1049DEFB-A013-4533-AC1C-09903C65C259}.Ad-Hoc|iPhone.Build.0 = Debug|Any CPU
		{1049DEFB-A013-4533-AC1C-09903C65C259}.Ad-Hoc|iPhone.Deploy.0 = Debug|Any CPU
		{1049DEFB-A013-4533-AC1C-09903C65C259}.Ad-Hoc|iPhoneSimulator.ActiveCfg = Debug|Any CPU
		{1049DEFB-A013-4533-AC1C-09903C65C259}.Ad-Hoc|iPhoneSimulator.Build.0 = Debug|Any CPU
		{1049DEFB-A013-4533-AC1C-09903C65C259}.Ad-Hoc|iPhoneSimulator.Deploy.0 = Debug|Any CPU
		{1049DEFB-A013-4533-AC1C-09903C65C259}.Ad-Hoc|x64.ActiveCfg = Debug|Any CPU
		{1049DEFB-A013-4533-AC1C-09903C65C259}.Ad-Hoc|x64.Build.0 = Debug|Any CPU
		{1049DEFB-A013-4533-AC1C-09903C65C259}.Ad-Hoc|x64.Deploy.0 = Debug|Any CPU
		{1049DEFB-A013-4533-AC1C-09903C65C259}.Ad-Hoc|x86.ActiveCfg = Debug|Any CPU
		{1049DEFB-A013-4533-AC1C-09903C65C259}.Ad-Hoc|x86.Build.0 = Debug|Any CPU
		{1049DEFB-A013-4533-AC1C-09903C65C259}.Ad-Hoc|x86.Deploy.0 = Debug|Any CPU
		{1049DEFB-A013-4533-AC1C-09903C65C259}.AppStore|Any CPU.ActiveCfg = Debug|Any CPU
		{1049DEFB-A013-4533-AC1C-09903C65C259}.AppStore|Any CPU.Build.0 = Debug|Any CPU
		{1049DEFB-A013-4533-AC1C-09903C65C259}.AppStore|Any CPU.Deploy.0 = Debug|Any CPU
		{1049DEFB-A013-4533-AC1C-09903C65C259}.AppStore|ARM.ActiveCfg = Debug|Any CPU
		{1049DEFB-A013-4533-AC1C-09903C65C259}.AppStore|ARM.Build.0 = Debug|Any CPU
		{1049DEFB-A013-4533-AC1C-09903C65C259}.AppStore|ARM.Deploy.0 = Debug|Any CPU
		{1049DEFB-A013-4533-AC1C-09903C65C259}.AppStore|iPhone.ActiveCfg = Debug|Any CPU
		{1049DEFB-A013-4533-AC1C-09903C65C259}.AppStore|iPhone.Build.0 = Debug|Any CPU
		{1049DEFB-A013-4533-AC1C-09903C65C259}.AppStore|iPhone.Deploy.0 = Debug|Any CPU
		{1049DEFB-A013-4533-AC1C-09903C65C259}.AppStore|iPhoneSimulator.ActiveCfg = Debug|Any CPU
		{1049DEFB-A013-4533-AC1C-09903C65C259}.AppStore|iPhoneSimulator.Build.0 = Debug|Any CPU
		{1049DEFB-A013-4533-AC1C-09903C65C259}.AppStore|iPhoneSimulator.Deploy.0 = Debug|Any CPU
		{1049DEFB-A013-4533-AC1C-09903C65C259}.AppStore|x64.ActiveCfg = Debug|Any CPU
		{1049DEFB-A013-4533-AC1C-09903C65C259}.AppStore|x64.Build.0 = Debug|Any CPU
		{1049DEFB-A013-4533-AC1C-09903C65C259}.AppStore|x64.Deploy.0 = Debug|Any CPU
		{1049DEFB-A013-4533-AC1C-09903C65C259}.AppStore|x86.ActiveCfg = Debug|Any CPU
		{1049DEFB-A013-4533-AC1C-09903C65C259}.AppStore|x86.Build.0 = Debug|Any CPU
		{1049DEFB-A013-4533-AC1C-09903C65C259}.AppStore|x86.Deploy.0 = Debug|Any CPU
		{1049DEFB-A013-4533-AC1C-09903C65C259}.Debug|Any CPU.ActiveCfg = Debug|Any CPU
		{1049DEFB-A013-4533-AC1C-09903C65C259}.Debug|Any CPU.Build.0 = Debug|Any CPU
		{1049DEFB-A013-4533-AC1C-09903C65C259}.Debug|Any CPU.Deploy.0 = Debug|Any CPU
		{1049DEFB-A013-4533-AC1C-09903C65C259}.Debug|ARM.ActiveCfg = Debug|Any CPU
		{1049DEFB-A013-4533-AC1C-09903C65C259}.Debug|ARM.Build.0 = Debug|Any CPU
		{1049DEFB-A013-4533-AC1C-09903C65C259}.Debug|ARM.Deploy.0 = Debug|Any CPU
		{1049DEFB-A013-4533-AC1C-09903C65C259}.Debug|iPhone.ActiveCfg = Debug|Any CPU
		{1049DEFB-A013-4533-AC1C-09903C65C259}.Debug|iPhone.Build.0 = Debug|Any CPU
		{1049DEFB-A013-4533-AC1C-09903C65C259}.Debug|iPhone.Deploy.0 = Debug|Any CPU
		{1049DEFB-A013-4533-AC1C-09903C65C259}.Debug|iPhoneSimulator.ActiveCfg = Debug|Any CPU
		{1049DEFB-A013-4533-AC1C-09903C65C259}.Debug|iPhoneSimulator.Build.0 = Debug|Any CPU
		{1049DEFB-A013-4533-AC1C-09903C65C259}.Debug|iPhoneSimulator.Deploy.0 = Debug|Any CPU
		{1049DEFB-A013-4533-AC1C-09903C65C259}.Debug|x64.ActiveCfg = Debug|Any CPU
		{1049DEFB-A013-4533-AC1C-09903C65C259}.Debug|x64.Build.0 = Debug|Any CPU
		{1049DEFB-A013-4533-AC1C-09903C65C259}.Debug|x64.Deploy.0 = Debug|Any CPU
		{1049DEFB-A013-4533-AC1C-09903C65C259}.Debug|x86.ActiveCfg = Debug|Any CPU
		{1049DEFB-A013-4533-AC1C-09903C65C259}.Debug|x86.Build.0 = Debug|Any CPU
		{1049DEFB-A013-4533-AC1C-09903C65C259}.Debug|x86.Deploy.0 = Debug|Any CPU
		{1049DEFB-A013-4533-AC1C-09903C65C259}.Release|Any CPU.ActiveCfg = Release|Any CPU
		{1049DEFB-A013-4533-AC1C-09903C65C259}.Release|Any CPU.Build.0 = Release|Any CPU
		{1049DEFB-A013-4533-AC1C-09903C65C259}.Release|Any CPU.Deploy.0 = Release|Any CPU
		{1049DEFB-A013-4533-AC1C-09903C65C259}.Release|ARM.ActiveCfg = Release|Any CPU
		{1049DEFB-A013-4533-AC1C-09903C65C259}.Release|ARM.Build.0 = Release|Any CPU
		{1049DEFB-A013-4533-AC1C-09903C65C259}.Release|ARM.Deploy.0 = Release|Any CPU
		{1049DEFB-A013-4533-AC1C-09903C65C259}.Release|iPhone.ActiveCfg = Release|Any CPU
		{1049DEFB-A013-4533-AC1C-09903C65C259}.Release|iPhone.Build.0 = Release|Any CPU
		{1049DEFB-A013-4533-AC1C-09903C65C259}.Release|iPhone.Deploy.0 = Release|Any CPU
		{1049DEFB-A013-4533-AC1C-09903C65C259}.Release|iPhoneSimulator.ActiveCfg = Release|Any CPU
		{1049DEFB-A013-4533-AC1C-09903C65C259}.Release|iPhoneSimulator.Build.0 = Release|Any CPU
		{1049DEFB-A013-4533-AC1C-09903C65C259}.Release|iPhoneSimulator.Deploy.0 = Release|Any CPU
		{1049DEFB-A013-4533-AC1C-09903C65C259}.Release|x64.ActiveCfg = Release|Any CPU
		{1049DEFB-A013-4533-AC1C-09903C65C259}.Release|x64.Build.0 = Release|Any CPU
		{1049DEFB-A013-4533-AC1C-09903C65C259}.Release|x64.Deploy.0 = Release|Any CPU
		{1049DEFB-A013-4533-AC1C-09903C65C259}.Release|x86.ActiveCfg = Release|Any CPU
		{1049DEFB-A013-4533-AC1C-09903C65C259}.Release|x86.Build.0 = Release|Any CPU
		{1049DEFB-A013-4533-AC1C-09903C65C259}.Release|x86.Deploy.0 = Release|Any CPU
	EndGlobalSection
	GlobalSection(SolutionProperties) = preSolution
		HideSolutionNode = FALSE
	EndGlobalSection
	GlobalSection(ExtensibilityGlobals) = postSolution
		SolutionGuid = {6512E179-3E7C-488D-9F1C-2081962874DC}
	EndGlobalSection
EndGlobal
