
Microsoft Visual Studio Solution File, Format Version 12.00
# Visual Studio 15
VisualStudioVersion = 15.0.28010.2048
MinimumVisualStudioVersion = 10.0.40219.1
Project("{FAE04EC0-301F-11D3-BF4B-00C04F79EFBC}") = "Layouts.Android", "Layouts\Layouts.Android\Layouts.Android.csproj", "{896BA589-8A1C-49C5-81EE-6954EFA28D11}"
EndProject
Project("{FAE04EC0-301F-11D3-BF4B-00C04F79EFBC}") = "Layouts.iOS", "Layouts\Layouts.iOS\Layouts.iOS.csproj", "{CEB0DCAD-DBC2-48F6-BFEB-E95178DA89D3}"
EndProject
Project("{FAE04EC0-301F-11D3-BF4B-00C04F79EFBC}") = "Layouts.UWP", "Layouts\Layouts.UWP\Layouts.UWP.csproj", "{FFBE91EF-5807-49D1-A5DD-D3CEDDE882FB}"
EndProject
Project("{FAE04EC0-301F-11D3-BF4B-00C04F79EFBC}") = "Layouts", "Layouts\Layouts\Layouts.csproj", "{FC48CFB8-65B8-4A76-9DB6-A248D8B7CF17}"
EndProject
Global
	GlobalSection(SolutionConfigurationPlatforms) = preSolution
		Ad-Hoc|Any CPU = Ad-Hoc|Any CPU
		Ad-Hoc|ARM = Ad-Hoc|ARM
		Ad-Hoc|iPhone = Ad-Hoc|iPhone
		Ad-Hoc|iPhoneSimulator = Ad-Hoc|iPhoneSimulator
		Ad-Hoc|x64 = Ad-Hoc|x64
		Ad-Hoc|x86 = Ad-Hoc|x86
		AppStore|Any CPU = AppStore|Any CPU
		AppStore|ARM = AppStore|ARM
		AppStore|iPhone = AppStore|iPhone
		AppStore|iPhoneSimulator = AppStore|iPhoneSimulator
		AppStore|x64 = AppStore|x64
		AppStore|x86 = AppStore|x86
		Debug|Any CPU = Debug|Any CPU
		Debug|ARM = Debug|ARM
		Debug|iPhone = Debug|iPhone
		Debug|iPhoneSimulator = Debug|iPhoneSimulator
		Debug|x64 = Debug|x64
		Debug|x86 = Debug|x86
		Release|Any CPU = Release|Any CPU
		Release|ARM = Release|ARM
		Release|iPhone = Release|iPhone
		Release|iPhoneSimulator = Release|iPhoneSimulator
		Release|x64 = Release|x64
		Release|x86 = Release|x86
	EndGlobalSection
	GlobalSection(ProjectConfigurationPlatforms) = postSolution
		{896BA589-8A1C-49C5-81EE-6954EFA28D11}.Ad-Hoc|Any CPU.ActiveCfg = Release|Any CPU
		{896BA589-8A1C-49C5-81EE-6954EFA28D11}.Ad-Hoc|Any CPU.Build.0 = Release|Any CPU
		{896BA589-8A1C-49C5-81EE-6954EFA28D11}.Ad-Hoc|Any CPU.Deploy.0 = Release|Any CPU
		{896BA589-8A1C-49C5-81EE-6954EFA28D11}.Ad-Hoc|ARM.ActiveCfg = Release|Any CPU
		{896BA589-8A1C-49C5-81EE-6954EFA28D11}.Ad-Hoc|ARM.Build.0 = Release|Any CPU
		{896BA589-8A1C-49C5-81EE-6954EFA28D11}.Ad-Hoc|ARM.Deploy.0 = Release|Any CPU
		{896BA589-8A1C-49C5-81EE-6954EFA28D11}.Ad-Hoc|iPhone.ActiveCfg = Release|Any CPU
		{896BA589-8A1C-49C5-81EE-6954EFA28D11}.Ad-Hoc|iPhone.Build.0 = Release|Any CPU
		{896BA589-8A1C-49C5-81EE-6954EFA28D11}.Ad-Hoc|iPhone.Deploy.0 = Release|Any CPU
		{896BA589-8A1C-49C5-81EE-6954EFA28D11}.Ad-Hoc|iPhoneSimulator.ActiveCfg = Release|Any CPU
		{896BA589-8A1C-49C5-81EE-6954EFA28D11}.Ad-Hoc|iPhoneSimulator.Build.0 = Release|Any CPU
		{896BA589-8A1C-49C5-81EE-6954EFA28D11}.Ad-Hoc|iPhoneSimulator.Deploy.0 = Release|Any CPU
		{896BA589-8A1C-49C5-81EE-6954EFA28D11}.Ad-Hoc|x64.ActiveCfg = Release|Any CPU
		{896BA589-8A1C-49C5-81EE-6954EFA28D11}.Ad-Hoc|x64.Build.0 = Release|Any CPU
		{896BA589-8A1C-49C5-81EE-6954EFA28D11}.Ad-Hoc|x64.Deploy.0 = Release|Any CPU
		{896BA589-8A1C-49C5-81EE-6954EFA28D11}.Ad-Hoc|x86.ActiveCfg = Release|Any CPU
		{896BA589-8A1C-49C5-81EE-6954EFA28D11}.Ad-Hoc|x86.Build.0 = Release|Any CPU
		{896BA589-8A1C-49C5-81EE-6954EFA28D11}.Ad-Hoc|x86.Deploy.0 = Release|Any CPU
		{896BA589-8A1C-49C5-81EE-6954EFA28D11}.AppStore|Any CPU.ActiveCfg = Release|Any CPU
		{896BA589-8A1C-49C5-81EE-6954EFA28D11}.AppStore|Any CPU.Build.0 = Release|Any CPU
		{896BA589-8A1C-49C5-81EE-6954EFA28D11}.AppStore|Any CPU.Deploy.0 = Release|Any CPU
		{896BA589-8A1C-49C5-81EE-6954EFA28D11}.AppStore|ARM.ActiveCfg = Release|Any CPU
		{896BA589-8A1C-49C5-81EE-6954EFA28D11}.AppStore|ARM.Build.0 = Release|Any CPU
		{896BA589-8A1C-49C5-81EE-6954EFA28D11}.AppStore|ARM.Deploy.0 = Release|Any CPU
		{896BA589-8A1C-49C5-81EE-6954EFA28D11}.AppStore|iPhone.ActiveCfg = Release|Any CPU
		{896BA589-8A1C-49C5-81EE-6954EFA28D11}.AppStore|iPhone.Build.0 = Release|Any CPU
		{896BA589-8A1C-49C5-81EE-6954EFA28D11}.AppStore|iPhone.Deploy.0 = Release|Any CPU
		{896BA589-8A1C-49C5-81EE-6954EFA28D11}.AppStore|iPhoneSimulator.ActiveCfg = Release|Any CPU
		{896BA589-8A1C-49C5-81EE-6954EFA28D11}.AppStore|iPhoneSimulator.Build.0 = Release|Any CPU
		{896BA589-8A1C-49C5-81EE-6954EFA28D11}.AppStore|iPhoneSimulator.Deploy.0 = Release|Any CPU
		{896BA589-8A1C-49C5-81EE-6954EFA28D11}.AppStore|x64.ActiveCfg = Release|Any CPU
		{896BA589-8A1C-49C5-81EE-6954EFA28D11}.AppStore|x64.Build.0 = Release|Any CPU
		{896BA589-8A1C-49C5-81EE-6954EFA28D11}.AppStore|x64.Deploy.0 = Release|Any CPU
		{896BA589-8A1C-49C5-81EE-6954EFA28D11}.AppStore|x86.ActiveCfg = Release|Any CPU
		{896BA589-8A1C-49C5-81EE-6954EFA28D11}.AppStore|x86.Build.0 = Release|Any CPU
		{896BA589-8A1C-49C5-81EE-6954EFA28D11}.AppStore|x86.Deploy.0 = Release|Any CPU
		{896BA589-8A1C-49C5-81EE-6954EFA28D11}.Debug|Any CPU.ActiveCfg = Debug|Any CPU
		{896BA589-8A1C-49C5-81EE-6954EFA28D11}.Debug|Any CPU.Build.0 = Debug|Any CPU
		{896BA589-8A1C-49C5-81EE-6954EFA28D11}.Debug|Any CPU.Deploy.0 = Debug|Any CPU
		{896BA589-8A1C-49C5-81EE-6954EFA28D11}.Debug|ARM.ActiveCfg = Debug|Any CPU
		{896BA589-8A1C-49C5-81EE-6954EFA28D11}.Debug|ARM.Build.0 = Debug|Any CPU
		{896BA589-8A1C-49C5-81EE-6954EFA28D11}.Debug|ARM.Deploy.0 = Debug|Any CPU
		{896BA589-8A1C-49C5-81EE-6954EFA28D11}.Debug|iPhone.ActiveCfg = Debug|Any CPU
		{896BA589-8A1C-49C5-81EE-6954EFA28D11}.Debug|iPhone.Build.0 = Debug|Any CPU
		{896BA589-8A1C-49C5-81EE-6954EFA28D11}.Debug|iPhone.Deploy.0 = Debug|Any CPU
		{896BA589-8A1C-49C5-81EE-6954EFA28D11}.Debug|iPhoneSimulator.ActiveCfg = Debug|Any CPU
		{896BA589-8A1C-49C5-81EE-6954EFA28D11}.Debug|iPhoneSimulator.Build.0 = Debug|Any CPU
		{896BA589-8A1C-49C5-81EE-6954EFA28D11}.Debug|iPhoneSimulator.Deploy.0 = Debug|Any CPU
		{896BA589-8A1C-49C5-81EE-6954EFA28D11}.Debug|x64.ActiveCfg = Debug|Any CPU
		{896BA589-8A1C-49C5-81EE-6954EFA28D11}.Debug|x64.Build.0 = Debug|Any CPU
		{896BA589-8A1C-49C5-81EE-6954EFA28D11}.Debug|x64.Deploy.0 = Debug|Any CPU
		{896BA589-8A1C-49C5-81EE-6954EFA28D11}.Debug|x86.ActiveCfg = Debug|Any CPU
		{896BA589-8A1C-49C5-81EE-6954EFA28D11}.Debug|x86.Build.0 = Debug|Any CPU
		{896BA589-8A1C-49C5-81EE-6954EFA28D11}.Debug|x86.Deploy.0 = Debug|Any CPU
		{896BA589-8A1C-49C5-81EE-6954EFA28D11}.Release|Any CPU.ActiveCfg = Release|Any CPU
		{896BA589-8A1C-49C5-81EE-6954EFA28D11}.Release|Any CPU.Build.0 = Release|Any CPU
		{896BA589-8A1C-49C5-81EE-6954EFA28D11}.Release|Any CPU.Deploy.0 = Release|Any CPU
		{896BA589-8A1C-49C5-81EE-6954EFA28D11}.Release|ARM.ActiveCfg = Release|Any CPU
		{896BA589-8A1C-49C5-81EE-6954EFA28D11}.Release|ARM.Build.0 = Release|Any CPU
		{896BA589-8A1C-49C5-81EE-6954EFA28D11}.Release|ARM.Deploy.0 = Release|Any CPU
		{896BA589-8A1C-49C5-81EE-6954EFA28D11}.Release|iPhone.ActiveCfg = Release|Any CPU
		{896BA589-8A1C-49C5-81EE-6954EFA28D11}.Release|iPhone.Build.0 = Release|Any CPU
		{896BA589-8A1C-49C5-81EE-6954EFA28D11}.Release|iPhone.Deploy.0 = Release|Any CPU
		{896BA589-8A1C-49C5-81EE-6954EFA28D11}.Release|iPhoneSimulator.ActiveCfg = Release|Any CPU
		{896BA589-8A1C-49C5-81EE-6954EFA28D11}.Release|iPhoneSimulator.Build.0 = Release|Any CPU
		{896BA589-8A1C-49C5-81EE-6954EFA28D11}.Release|iPhoneSimulator.Deploy.0 = Release|Any CPU
		{896BA589-8A1C-49C5-81EE-6954EFA28D11}.Release|x64.ActiveCfg = Release|Any CPU
		{896BA589-8A1C-49C5-81EE-6954EFA28D11}.Release|x64.Build.0 = Release|Any CPU
		{896BA589-8A1C-49C5-81EE-6954EFA28D11}.Release|x64.Deploy.0 = Release|Any CPU
		{896BA589-8A1C-49C5-81EE-6954EFA28D11}.Release|x86.ActiveCfg = Release|Any CPU
		{896BA589-8A1C-49C5-81EE-6954EFA28D11}.Release|x86.Build.0 = Release|Any CPU
		{896BA589-8A1C-49C5-81EE-6954EFA28D11}.Release|x86.Deploy.0 = Release|Any CPU
		{CEB0DCAD-DBC2-48F6-BFEB-E95178DA89D3}.Ad-Hoc|Any CPU.ActiveCfg = Ad-Hoc|iPhone
		{CEB0DCAD-DBC2-48F6-BFEB-E95178DA89D3}.Ad-Hoc|Any CPU.Build.0 = Ad-Hoc|iPhone
		{CEB0DCAD-DBC2-48F6-BFEB-E95178DA89D3}.Ad-Hoc|Any CPU.Deploy.0 = Ad-Hoc|iPhone
		{CEB0DCAD-DBC2-48F6-BFEB-E95178DA89D3}.Ad-Hoc|ARM.ActiveCfg = Ad-Hoc|iPhone
		{CEB0DCAD-DBC2-48F6-BFEB-E95178DA89D3}.Ad-Hoc|ARM.Build.0 = Ad-Hoc|iPhone
		{CEB0DCAD-DBC2-48F6-BFEB-E95178DA89D3}.Ad-Hoc|ARM.Deploy.0 = Ad-Hoc|iPhone
		{CEB0DCAD-DBC2-48F6-BFEB-E95178DA89D3}.Ad-Hoc|iPhone.ActiveCfg = Ad-Hoc|iPhone
		{CEB0DCAD-DBC2-48F6-BFEB-E95178DA89D3}.Ad-Hoc|iPhone.Build.0 = Ad-Hoc|iPhone
		{CEB0DCAD-DBC2-48F6-BFEB-E95178DA89D3}.Ad-Hoc|iPhone.Deploy.0 = Ad-Hoc|iPhone
		{CEB0DCAD-DBC2-48F6-BFEB-E95178DA89D3}.Ad-Hoc|iPhoneSimulator.ActiveCfg = Ad-Hoc|iPhoneSimulator
		{CEB0DCAD-DBC2-48F6-BFEB-E95178DA89D3}.Ad-Hoc|iPhoneSimulator.Build.0 = Ad-Hoc|iPhoneSimulator
		{CEB0DCAD-DBC2-48F6-BFEB-E95178DA89D3}.Ad-Hoc|iPhoneSimulator.Deploy.0 = Ad-Hoc|iPhoneSimulator
		{CEB0DCAD-DBC2-48F6-BFEB-E95178DA89D3}.Ad-Hoc|x64.ActiveCfg = Ad-Hoc|iPhone
		{CEB0DCAD-DBC2-48F6-BFEB-E95178DA89D3}.Ad-Hoc|x64.Build.0 = Ad-Hoc|iPhone
		{CEB0DCAD-DBC2-48F6-BFEB-E95178DA89D3}.Ad-Hoc|x64.Deploy.0 = Ad-Hoc|iPhone
		{CEB0DCAD-DBC2-48F6-BFEB-E95178DA89D3}.Ad-Hoc|x86.ActiveCfg = Ad-Hoc|iPhone
		{CEB0DCAD-DBC2-48F6-BFEB-E95178DA89D3}.Ad-Hoc|x86.Build.0 = Ad-Hoc|iPhone
		{CEB0DCAD-DBC2-48F6-BFEB-E95178DA89D3}.Ad-Hoc|x86.Deploy.0 = Ad-Hoc|iPhone
		{CEB0DCAD-DBC2-48F6-BFEB-E95178DA89D3}.AppStore|Any CPU.ActiveCfg = AppStore|iPhone
		{CEB0DCAD-DBC2-48F6-BFEB-E95178DA89D3}.AppStore|Any CPU.Build.0 = AppStore|iPhone
		{CEB0DCAD-DBC2-48F6-BFEB-E95178DA89D3}.AppStore|Any CPU.Deploy.0 = AppStore|iPhone
		{CEB0DCAD-DBC2-48F6-BFEB-E95178DA89D3}.AppStore|ARM.ActiveCfg = AppStore|iPhone
		{CEB0DCAD-DBC2-48F6-BFEB-E95178DA89D3}.AppStore|ARM.Build.0 = AppStore|iPhone
		{CEB0DCAD-DBC2-48F6-BFEB-E95178DA89D3}.AppStore|ARM.Deploy.0 = AppStore|iPhone
		{CEB0DCAD-DBC2-48F6-BFEB-E95178DA89D3}.AppStore|iPhone.ActiveCfg = AppStore|iPhone
		{CEB0DCAD-DBC2-48F6-BFEB-E95178DA89D3}.AppStore|iPhone.Build.0 = AppStore|iPhone
		{CEB0DCAD-DBC2-48F6-BFEB-E95178DA89D3}.AppStore|iPhone.Deploy.0 = AppStore|iPhone
		{CEB0DCAD-DBC2-48F6-BFEB-E95178DA89D3}.AppStore|iPhoneSimulator.ActiveCfg = AppStore|iPhoneSimulator
		{CEB0DCAD-DBC2-48F6-BFEB-E95178DA89D3}.AppStore|iPhoneSimulator.Build.0 = AppStore|iPhoneSimulator
		{CEB0DCAD-DBC2-48F6-BFEB-E95178DA89D3}.AppStore|iPhoneSimulator.Deploy.0 = AppStore|iPhoneSimulator
		{CEB0DCAD-DBC2-48F6-BFEB-E95178DA89D3}.AppStore|x64.ActiveCfg = AppStore|iPhone
		{CEB0DCAD-DBC2-48F6-BFEB-E95178DA89D3}.AppStore|x64.Build.0 = AppStore|iPhone
		{CEB0DCAD-DBC2-48F6-BFEB-E95178DA89D3}.AppStore|x64.Deploy.0 = AppStore|iPhone
		{CEB0DCAD-DBC2-48F6-BFEB-E95178DA89D3}.AppStore|x86.ActiveCfg = AppStore|iPhone
		{CEB0DCAD-DBC2-48F6-BFEB-E95178DA89D3}.AppStore|x86.Build.0 = AppStore|iPhone
		{CEB0DCAD-DBC2-48F6-BFEB-E95178DA89D3}.AppStore|x86.Deploy.0 = AppStore|iPhone
		{CEB0DCAD-DBC2-48F6-BFEB-E95178DA89D3}.Debug|Any CPU.ActiveCfg = Debug|iPhoneSimulator
		{CEB0DCAD-DBC2-48F6-BFEB-E95178DA89D3}.Debug|Any CPU.Build.0 = Debug|iPhoneSimulator
		{CEB0DCAD-DBC2-48F6-BFEB-E95178DA89D3}.Debug|Any CPU.Deploy.0 = Debug|iPhoneSimulator
		{CEB0DCAD-DBC2-48F6-BFEB-E95178DA89D3}.Debug|ARM.ActiveCfg = Debug|iPhone
		{CEB0DCAD-DBC2-48F6-BFEB-E95178DA89D3}.Debug|ARM.Build.0 = Debug|iPhone
		{CEB0DCAD-DBC2-48F6-BFEB-E95178DA89D3}.Debug|ARM.Deploy.0 = Debug|iPhone
		{CEB0DCAD-DBC2-48F6-BFEB-E95178DA89D3}.Debug|iPhone.ActiveCfg = Debug|iPhone
		{CEB0DCAD-DBC2-48F6-BFEB-E95178DA89D3}.Debug|iPhone.Build.0 = Debug|iPhone
		{CEB0DCAD-DBC2-48F6-BFEB-E95178DA89D3}.Debug|iPhone.Deploy.0 = Debug|iPhone
		{CEB0DCAD-DBC2-48F6-BFEB-E95178DA89D3}.Debug|iPhoneSimulator.ActiveCfg = Debug|iPhoneSimulator
		{CEB0DCAD-DBC2-48F6-BFEB-E95178DA89D3}.Debug|iPhoneSimulator.Build.0 = Debug|iPhoneSimulator
		{CEB0DCAD-DBC2-48F6-BFEB-E95178DA89D3}.Debug|iPhoneSimulator.Deploy.0 = Debug|iPhoneSimulator
		{CEB0DCAD-DBC2-48F6-BFEB-E95178DA89D3}.Debug|x64.ActiveCfg = Debug|iPhone
		{CEB0DCAD-DBC2-48F6-BFEB-E95178DA89D3}.Debug|x64.Build.0 = Debug|iPhone
		{CEB0DCAD-DBC2-48F6-BFEB-E95178DA89D3}.Debug|x64.Deploy.0 = Debug|iPhone
		{CEB0DCAD-DBC2-48F6-BFEB-E95178DA89D3}.Debug|x86.ActiveCfg = Debug|iPhone
		{CEB0DCAD-DBC2-48F6-BFEB-E95178DA89D3}.Debug|x86.Build.0 = Debug|iPhone
		{CEB0DCAD-DBC2-48F6-BFEB-E95178DA89D3}.Debug|x86.Deploy.0 = Debug|iPhone
		{CEB0DCAD-DBC2-48F6-BFEB-E95178DA89D3}.Release|Any CPU.ActiveCfg = Release|iPhone
		{CEB0DCAD-DBC2-48F6-BFEB-E95178DA89D3}.Release|Any CPU.Build.0 = Release|iPhone
		{CEB0DCAD-DBC2-48F6-BFEB-E95178DA89D3}.Release|Any CPU.Deploy.0 = Release|iPhone
		{CEB0DCAD-DBC2-48F6-BFEB-E95178DA89D3}.Release|ARM.ActiveCfg = Release|iPhone
		{CEB0DCAD-DBC2-48F6-BFEB-E95178DA89D3}.Release|ARM.Build.0 = Release|iPhone
		{CEB0DCAD-DBC2-48F6-BFEB-E95178DA89D3}.Release|ARM.Deploy.0 = Release|iPhone
		{CEB0DCAD-DBC2-48F6-BFEB-E95178DA89D3}.Release|iPhone.ActiveCfg = Release|iPhone
		{CEB0DCAD-DBC2-48F6-BFEB-E95178DA89D3}.Release|iPhone.Build.0 = Release|iPhone
		{CEB0DCAD-DBC2-48F6-BFEB-E95178DA89D3}.Release|iPhone.Deploy.0 = Release|iPhone
		{CEB0DCAD-DBC2-48F6-BFEB-E95178DA89D3}.Release|iPhoneSimulator.ActiveCfg = Release|iPhoneSimulator
		{CEB0DCAD-DBC2-48F6-BFEB-E95178DA89D3}.Release|iPhoneSimulator.Build.0 = Release|iPhoneSimulator
		{CEB0DCAD-DBC2-48F6-BFEB-E95178DA89D3}.Release|iPhoneSimulator.Deploy.0 = Release|iPhoneSimulator
		{CEB0DCAD-DBC2-48F6-BFEB-E95178DA89D3}.Release|x64.ActiveCfg = Release|iPhone
		{CEB0DCAD-DBC2-48F6-BFEB-E95178DA89D3}.Release|x64.Build.0 = Release|iPhone
		{CEB0DCAD-DBC2-48F6-BFEB-E95178DA89D3}.Release|x64.Deploy.0 = Release|iPhone
		{CEB0DCAD-DBC2-48F6-BFEB-E95178DA89D3}.Release|x86.ActiveCfg = Release|iPhone
		{CEB0DCAD-DBC2-48F6-BFEB-E95178DA89D3}.Release|x86.Build.0 = Release|iPhone
		{CEB0DCAD-DBC2-48F6-BFEB-E95178DA89D3}.Release|x86.Deploy.0 = Release|iPhone
		{FFBE91EF-5807-49D1-A5DD-D3CEDDE882FB}.Ad-Hoc|Any CPU.ActiveCfg = Release|x86
		{FFBE91EF-5807-49D1-A5DD-D3CEDDE882FB}.Ad-Hoc|Any CPU.Build.0 = Release|x86
		{FFBE91EF-5807-49D1-A5DD-D3CEDDE882FB}.Ad-Hoc|Any CPU.Deploy.0 = Release|x86
		{FFBE91EF-5807-49D1-A5DD-D3CEDDE882FB}.Ad-Hoc|ARM.ActiveCfg = Release|ARM
		{FFBE91EF-5807-49D1-A5DD-D3CEDDE882FB}.Ad-Hoc|ARM.Build.0 = Release|ARM
		{FFBE91EF-5807-49D1-A5DD-D3CEDDE882FB}.Ad-Hoc|ARM.Deploy.0 = Release|ARM
		{FFBE91EF-5807-49D1-A5DD-D3CEDDE882FB}.Ad-Hoc|iPhone.ActiveCfg = Release|x86
		{FFBE91EF-5807-49D1-A5DD-D3CEDDE882FB}.Ad-Hoc|iPhone.Build.0 = Release|x86
		{FFBE91EF-5807-49D1-A5DD-D3CEDDE882FB}.Ad-Hoc|iPhone.Deploy.0 = Release|x86
		{FFBE91EF-5807-49D1-A5DD-D3CEDDE882FB}.Ad-Hoc|iPhoneSimulator.ActiveCfg = Release|x86
		{FFBE91EF-5807-49D1-A5DD-D3CEDDE882FB}.Ad-Hoc|iPhoneSimulator.Build.0 = Release|x86
		{FFBE91EF-5807-49D1-A5DD-D3CEDDE882FB}.Ad-Hoc|iPhoneSimulator.Deploy.0 = Release|x86
		{FFBE91EF-5807-49D1-A5DD-D3CEDDE882FB}.Ad-Hoc|x64.ActiveCfg = Release|x64
		{FFBE91EF-5807-49D1-A5DD-D3CEDDE882FB}.Ad-Hoc|x64.Build.0 = Release|x64
		{FFBE91EF-5807-49D1-A5DD-D3CEDDE882FB}.Ad-Hoc|x64.Deploy.0 = Release|x64
		{FFBE91EF-5807-49D1-A5DD-D3CEDDE882FB}.Ad-Hoc|x86.ActiveCfg = Release|x86
		{FFBE91EF-5807-49D1-A5DD-D3CEDDE882FB}.Ad-Hoc|x86.Build.0 = Release|x86
		{FFBE91EF-5807-49D1-A5DD-D3CEDDE882FB}.Ad-Hoc|x86.Deploy.0 = Release|x86
		{FFBE91EF-5807-49D1-A5DD-D3CEDDE882FB}.AppStore|Any CPU.ActiveCfg = Release|x86
		{FFBE91EF-5807-49D1-A5DD-D3CEDDE882FB}.AppStore|Any CPU.Build.0 = Release|x86
		{FFBE91EF-5807-49D1-A5DD-D3CEDDE882FB}.AppStore|Any CPU.Deploy.0 = Release|x86
		{FFBE91EF-5807-49D1-A5DD-D3CEDDE882FB}.AppStore|ARM.ActiveCfg = Release|ARM
		{FFBE91EF-5807-49D1-A5DD-D3CEDDE882FB}.AppStore|ARM.Build.0 = Release|ARM
		{FFBE91EF-5807-49D1-A5DD-D3CEDDE882FB}.AppStore|ARM.Deploy.0 = Release|ARM
		{FFBE91EF-5807-49D1-A5DD-D3CEDDE882FB}.AppStore|iPhone.ActiveCfg = Release|x86
		{FFBE91EF-5807-49D1-A5DD-D3CEDDE882FB}.AppStore|iPhone.Build.0 = Release|x86
		{FFBE91EF-5807-49D1-A5DD-D3CEDDE882FB}.AppStore|iPhone.Deploy.0 = Release|x86
		{FFBE91EF-5807-49D1-A5DD-D3CEDDE882FB}.AppStore|iPhoneSimulator.ActiveCfg = Release|x86
		{FFBE91EF-5807-49D1-A5DD-D3CEDDE882FB}.AppStore|iPhoneSimulator.Build.0 = Release|x86
		{FFBE91EF-5807-49D1-A5DD-D3CEDDE882FB}.AppStore|iPhoneSimulator.Deploy.0 = Release|x86
		{FFBE91EF-5807-49D1-A5DD-D3CEDDE882FB}.AppStore|x64.ActiveCfg = Release|x64
		{FFBE91EF-5807-49D1-A5DD-D3CEDDE882FB}.AppStore|x64.Build.0 = Release|x64
		{FFBE91EF-5807-49D1-A5DD-D3CEDDE882FB}.AppStore|x64.Deploy.0 = Release|x64
		{FFBE91EF-5807-49D1-A5DD-D3CEDDE882FB}.AppStore|x86.ActiveCfg = Release|x86
		{FFBE91EF-5807-49D1-A5DD-D3CEDDE882FB}.AppStore|x86.Build.0 = Release|x86
		{FFBE91EF-5807-49D1-A5DD-D3CEDDE882FB}.AppStore|x86.Deploy.0 = Release|x86
		{FFBE91EF-5807-49D1-A5DD-D3CEDDE882FB}.Debug|Any CPU.ActiveCfg = Debug|x86
		{FFBE91EF-5807-49D1-A5DD-D3CEDDE882FB}.Debug|Any CPU.Build.0 = Debug|x86
		{FFBE91EF-5807-49D1-A5DD-D3CEDDE882FB}.Debug|Any CPU.Deploy.0 = Debug|x86
		{FFBE91EF-5807-49D1-A5DD-D3CEDDE882FB}.Debug|ARM.ActiveCfg = Debug|ARM
		{FFBE91EF-5807-49D1-A5DD-D3CEDDE882FB}.Debug|ARM.Build.0 = Debug|ARM
		{FFBE91EF-5807-49D1-A5DD-D3CEDDE882FB}.Debug|ARM.Deploy.0 = Debug|ARM
		{FFBE91EF-5807-49D1-A5DD-D3CEDDE882FB}.Debug|iPhone.ActiveCfg = Debug|x86
		{FFBE91EF-5807-49D1-A5DD-D3CEDDE882FB}.Debug|iPhone.Build.0 = Debug|x86
		{FFBE91EF-5807-49D1-A5DD-D3CEDDE882FB}.Debug|iPhone.Deploy.0 = Debug|x86
		{FFBE91EF-5807-49D1-A5DD-D3CEDDE882FB}.Debug|iPhoneSimulator.ActiveCfg = Debug|x86
		{FFBE91EF-5807-49D1-A5DD-D3CEDDE882FB}.Debug|iPhoneSimulator.Build.0 = Debug|x86
		{FFBE91EF-5807-49D1-A5DD-D3CEDDE882FB}.Debug|iPhoneSimulator.Deploy.0 = Debug|x86
		{FFBE91EF-5807-49D1-A5DD-D3CEDDE882FB}.Debug|x64.ActiveCfg = Debug|x64
		{FFBE91EF-5807-49D1-A5DD-D3CEDDE882FB}.Debug|x64.Build.0 = Debug|x64
		{FFBE91EF-5807-49D1-A5DD-D3CEDDE882FB}.Debug|x64.Deploy.0 = Debug|x64
		{FFBE91EF-5807-49D1-A5DD-D3CEDDE882FB}.Debug|x86.ActiveCfg = Debug|x86
		{FFBE91EF-5807-49D1-A5DD-D3CEDDE882FB}.Debug|x86.Build.0 = Debug|x86
		{FFBE91EF-5807-49D1-A5DD-D3CEDDE882FB}.Debug|x86.Deploy.0 = Debug|x86
		{FFBE91EF-5807-49D1-A5DD-D3CEDDE882FB}.Release|Any CPU.ActiveCfg = Release|x86
		{FFBE91EF-5807-49D1-A5DD-D3CEDDE882FB}.Release|Any CPU.Build.0 = Release|x86
		{FFBE91EF-5807-49D1-A5DD-D3CEDDE882FB}.Release|Any CPU.Deploy.0 = Release|x86
		{FFBE91EF-5807-49D1-A5DD-D3CEDDE882FB}.Release|ARM.ActiveCfg = Release|ARM
		{FFBE91EF-5807-49D1-A5DD-D3CEDDE882FB}.Release|ARM.Build.0 = Release|ARM
		{FFBE91EF-5807-49D1-A5DD-D3CEDDE882FB}.Release|ARM.Deploy.0 = Release|ARM
		{FFBE91EF-5807-49D1-A5DD-D3CEDDE882FB}.Release|iPhone.ActiveCfg = Release|x86
		{FFBE91EF-5807-49D1-A5DD-D3CEDDE882FB}.Release|iPhone.Build.0 = Release|x86
		{FFBE91EF-5807-49D1-A5DD-D3CEDDE882FB}.Release|iPhone.Deploy.0 = Release|x86
		{FFBE91EF-5807-49D1-A5DD-D3CEDDE882FB}.Release|iPhoneSimulator.ActiveCfg = Release|x86
		{FFBE91EF-5807-49D1-A5DD-D3CEDDE882FB}.Release|iPhoneSimulator.Build.0 = Release|x86
		{FFBE91EF-5807-49D1-A5DD-D3CEDDE882FB}.Release|iPhoneSimulator.Deploy.0 = Release|x86
		{FFBE91EF-5807-49D1-A5DD-D3CEDDE882FB}.Release|x64.ActiveCfg = Release|x64
		{FFBE91EF-5807-49D1-A5DD-D3CEDDE882FB}.Release|x64.Build.0 = Release|x64
		{FFBE91EF-5807-49D1-A5DD-D3CEDDE882FB}.Release|x64.Deploy.0 = Release|x64
		{FFBE91EF-5807-49D1-A5DD-D3CEDDE882FB}.Release|x86.ActiveCfg = Release|x86
		{FFBE91EF-5807-49D1-A5DD-D3CEDDE882FB}.Release|x86.Build.0 = Release|x86
		{FFBE91EF-5807-49D1-A5DD-D3CEDDE882FB}.Release|x86.Deploy.0 = Release|x86
		{FC48CFB8-65B8-4A76-9DB6-A248D8B7CF17}.Ad-Hoc|Any CPU.ActiveCfg = Debug|Any CPU
		{FC48CFB8-65B8-4A76-9DB6-A248D8B7CF17}.Ad-Hoc|Any CPU.Build.0 = Debug|Any CPU
		{FC48CFB8-65B8-4A76-9DB6-A248D8B7CF17}.Ad-Hoc|Any CPU.Deploy.0 = Debug|Any CPU
		{FC48CFB8-65B8-4A76-9DB6-A248D8B7CF17}.Ad-Hoc|ARM.ActiveCfg = Debug|Any CPU
		{FC48CFB8-65B8-4A76-9DB6-A248D8B7CF17}.Ad-Hoc|ARM.Build.0 = Debug|Any CPU
		{FC48CFB8-65B8-4A76-9DB6-A248D8B7CF17}.Ad-Hoc|ARM.Deploy.0 = Debug|Any CPU
		{FC48CFB8-65B8-4A76-9DB6-A248D8B7CF17}.Ad-Hoc|iPhone.ActiveCfg = Debug|Any CPU
		{FC48CFB8-65B8-4A76-9DB6-A248D8B7CF17}.Ad-Hoc|iPhone.Build.0 = Debug|Any CPU
		{FC48CFB8-65B8-4A76-9DB6-A248D8B7CF17}.Ad-Hoc|iPhone.Deploy.0 = Debug|Any CPU
		{FC48CFB8-65B8-4A76-9DB6-A248D8B7CF17}.Ad-Hoc|iPhoneSimulator.ActiveCfg = Debug|Any CPU
		{FC48CFB8-65B8-4A76-9DB6-A248D8B7CF17}.Ad-Hoc|iPhoneSimulator.Build.0 = Debug|Any CPU
		{FC48CFB8-65B8-4A76-9DB6-A248D8B7CF17}.Ad-Hoc|iPhoneSimulator.Deploy.0 = Debug|Any CPU
		{FC48CFB8-65B8-4A76-9DB6-A248D8B7CF17}.Ad-Hoc|x64.ActiveCfg = Debug|Any CPU
		{FC48CFB8-65B8-4A76-9DB6-A248D8B7CF17}.Ad-Hoc|x64.Build.0 = Debug|Any CPU
		{FC48CFB8-65B8-4A76-9DB6-A248D8B7CF17}.Ad-Hoc|x64.Deploy.0 = Debug|Any CPU
		{FC48CFB8-65B8-4A76-9DB6-A248D8B7CF17}.Ad-Hoc|x86.ActiveCfg = Debug|Any CPU
		{FC48CFB8-65B8-4A76-9DB6-A248D8B7CF17}.Ad-Hoc|x86.Build.0 = Debug|Any CPU
		{FC48CFB8-65B8-4A76-9DB6-A248D8B7CF17}.Ad-Hoc|x86.Deploy.0 = Debug|Any CPU
		{FC48CFB8-65B8-4A76-9DB6-A248D8B7CF17}.AppStore|Any CPU.ActiveCfg = Debug|Any CPU
		{FC48CFB8-65B8-4A76-9DB6-A248D8B7CF17}.AppStore|Any CPU.Build.0 = Debug|Any CPU
		{FC48CFB8-65B8-4A76-9DB6-A248D8B7CF17}.AppStore|Any CPU.Deploy.0 = Debug|Any CPU
		{FC48CFB8-65B8-4A76-9DB6-A248D8B7CF17}.AppStore|ARM.ActiveCfg = Debug|Any CPU
		{FC48CFB8-65B8-4A76-9DB6-A248D8B7CF17}.AppStore|ARM.Build.0 = Debug|Any CPU
		{FC48CFB8-65B8-4A76-9DB6-A248D8B7CF17}.AppStore|ARM.Deploy.0 = Debug|Any CPU
		{FC48CFB8-65B8-4A76-9DB6-A248D8B7CF17}.AppStore|iPhone.ActiveCfg = Debug|Any CPU
		{FC48CFB8-65B8-4A76-9DB6-A248D8B7CF17}.AppStore|iPhone.Build.0 = Debug|Any CPU
		{FC48CFB8-65B8-4A76-9DB6-A248D8B7CF17}.AppStore|iPhone.Deploy.0 = Debug|Any CPU
		{FC48CFB8-65B8-4A76-9DB6-A248D8B7CF17}.AppStore|iPhoneSimulator.ActiveCfg = Debug|Any CPU
		{FC48CFB8-65B8-4A76-9DB6-A248D8B7CF17}.AppStore|iPhoneSimulator.Build.0 = Debug|Any CPU
		{FC48CFB8-65B8-4A76-9DB6-A248D8B7CF17}.AppStore|iPhoneSimulator.Deploy.0 = Debug|Any CPU
		{FC48CFB8-65B8-4A76-9DB6-A248D8B7CF17}.AppStore|x64.ActiveCfg = Debug|Any CPU
		{FC48CFB8-65B8-4A76-9DB6-A248D8B7CF17}.AppStore|x64.Build.0 = Debug|Any CPU
		{FC48CFB8-65B8-4A76-9DB6-A248D8B7CF17}.AppStore|x64.Deploy.0 = Debug|Any CPU
		{FC48CFB8-65B8-4A76-9DB6-A248D8B7CF17}.AppStore|x86.ActiveCfg = Debug|Any CPU
		{FC48CFB8-65B8-4A76-9DB6-A248D8B7CF17}.AppStore|x86.Build.0 = Debug|Any CPU
		{FC48CFB8-65B8-4A76-9DB6-A248D8B7CF17}.AppStore|x86.Deploy.0 = Debug|Any CPU
		{FC48CFB8-65B8-4A76-9DB6-A248D8B7CF17}.Debug|Any CPU.ActiveCfg = Debug|Any CPU
		{FC48CFB8-65B8-4A76-9DB6-A248D8B7CF17}.Debug|Any CPU.Build.0 = Debug|Any CPU
		{FC48CFB8-65B8-4A76-9DB6-A248D8B7CF17}.Debug|Any CPU.Deploy.0 = Debug|Any CPU
		{FC48CFB8-65B8-4A76-9DB6-A248D8B7CF17}.Debug|ARM.ActiveCfg = Debug|Any CPU
		{FC48CFB8-65B8-4A76-9DB6-A248D8B7CF17}.Debug|ARM.Build.0 = Debug|Any CPU
		{FC48CFB8-65B8-4A76-9DB6-A248D8B7CF17}.Debug|ARM.Deploy.0 = Debug|Any CPU
		{FC48CFB8-65B8-4A76-9DB6-A248D8B7CF17}.Debug|iPhone.ActiveCfg = Debug|Any CPU
		{FC48CFB8-65B8-4A76-9DB6-A248D8B7CF17}.Debug|iPhone.Build.0 = Debug|Any CPU
		{FC48CFB8-65B8-4A76-9DB6-A248D8B7CF17}.Debug|iPhone.Deploy.0 = Debug|Any CPU
		{FC48CFB8-65B8-4A76-9DB6-A248D8B7CF17}.Debug|iPhoneSimulator.ActiveCfg = Debug|Any CPU
		{FC48CFB8-65B8-4A76-9DB6-A248D8B7CF17}.Debug|iPhoneSimulator.Build.0 = Debug|Any CPU
		{FC48CFB8-65B8-4A76-9DB6-A248D8B7CF17}.Debug|iPhoneSimulator.Deploy.0 = Debug|Any CPU
		{FC48CFB8-65B8-4A76-9DB6-A248D8B7CF17}.Debug|x64.ActiveCfg = Debug|Any CPU
		{FC48CFB8-65B8-4A76-9DB6-A248D8B7CF17}.Debug|x64.Build.0 = Debug|Any CPU
		{FC48CFB8-65B8-4A76-9DB6-A248D8B7CF17}.Debug|x64.Deploy.0 = Debug|Any CPU
		{FC48CFB8-65B8-4A76-9DB6-A248D8B7CF17}.Debug|x86.ActiveCfg = Debug|Any CPU
		{FC48CFB8-65B8-4A76-9DB6-A248D8B7CF17}.Debug|x86.Build.0 = Debug|Any CPU
		{FC48CFB8-65B8-4A76-9DB6-A248D8B7CF17}.Debug|x86.Deploy.0 = Debug|Any CPU
		{FC48CFB8-65B8-4A76-9DB6-A248D8B7CF17}.Release|Any CPU.ActiveCfg = Release|Any CPU
		{FC48CFB8-65B8-4A76-9DB6-A248D8B7CF17}.Release|Any CPU.Build.0 = Release|Any CPU
		{FC48CFB8-65B8-4A76-9DB6-A248D8B7CF17}.Release|Any CPU.Deploy.0 = Release|Any CPU
		{FC48CFB8-65B8-4A76-9DB6-A248D8B7CF17}.Release|ARM.ActiveCfg = Release|Any CPU
		{FC48CFB8-65B8-4A76-9DB6-A248D8B7CF17}.Release|ARM.Build.0 = Release|Any CPU
		{FC48CFB8-65B8-4A76-9DB6-A248D8B7CF17}.Release|ARM.Deploy.0 = Release|Any CPU
		{FC48CFB8-65B8-4A76-9DB6-A248D8B7CF17}.Release|iPhone.ActiveCfg = Release|Any CPU
		{FC48CFB8-65B8-4A76-9DB6-A248D8B7CF17}.Release|iPhone.Build.0 = Release|Any CPU
		{FC48CFB8-65B8-4A76-9DB6-A248D8B7CF17}.Release|iPhone.Deploy.0 = Release|Any CPU
		{FC48CFB8-65B8-4A76-9DB6-A248D8B7CF17}.Release|iPhoneSimulator.ActiveCfg = Release|Any CPU
		{FC48CFB8-65B8-4A76-9DB6-A248D8B7CF17}.Release|iPhoneSimulator.Build.0 = Release|Any CPU
		{FC48CFB8-65B8-4A76-9DB6-A248D8B7CF17}.Release|iPhoneSimulator.Deploy.0 = Release|Any CPU
		{FC48CFB8-65B8-4A76-9DB6-A248D8B7CF17}.Release|x64.ActiveCfg = Release|Any CPU
		{FC48CFB8-65B8-4A76-9DB6-A248D8B7CF17}.Release|x64.Build.0 = Release|Any CPU
		{FC48CFB8-65B8-4A76-9DB6-A248D8B7CF17}.Release|x64.Deploy.0 = Release|Any CPU
		{FC48CFB8-65B8-4A76-9DB6-A248D8B7CF17}.Release|x86.ActiveCfg = Release|Any CPU
		{FC48CFB8-65B8-4A76-9DB6-A248D8B7CF17}.Release|x86.Build.0 = Release|Any CPU
		{FC48CFB8-65B8-4A76-9DB6-A248D8B7CF17}.Release|x86.Deploy.0 = Release|Any CPU
	EndGlobalSection
	GlobalSection(SolutionProperties) = preSolution
		HideSolutionNode = FALSE
	EndGlobalSection
	GlobalSection(ExtensibilityGlobals) = postSolution
		SolutionGuid = {7B564DED-544A-48CF-AD24-826864493C06}
	EndGlobalSection
EndGlobal
